// !$*UTF8*$!
{
	archiveVersion = 1;
	classes = {
	};
	objectVersion = 55;
	objects = {

/* Begin PBXBuildFile section */
		BF6C5257289E00B100EA224F /* ContentView.swift in Sources */ = {isa = PBXBuildFile; fileRef = BF6C5256289E00B100EA224F /* ContentView.swift */; };
		BF6C5260289E0FAD00EA224F /* RequestResult.swift in Sources */ = {isa = PBXBuildFile; fileRef = BF6C525F289E0FAD00EA224F /* RequestResult.swift */; };
		BF6C5263289E100600EA224F /* RecoveryTime.swift in Sources */ = {isa = PBXBuildFile; fileRef = BF6C5262289E100600EA224F /* RecoveryTime.swift */; };
		BF6C5266289E10AB00EA224F /* UserData.swift in Sources */ = {isa = PBXBuildFile; fileRef = BF6C5265289E10AB00EA224F /* UserData.swift */; };
		BF6C5269289E10EB00EA224F /* Expedition.swift in Sources */ = {isa = PBXBuildFile; fileRef = BF6C5268289E10EB00EA224F /* Expedition.swift */; };
		BF6C526B289E116700EA224F /* WedgetProvider.swift in Sources */ = {isa = PBXBuildFile; fileRef = EA30F9B42886B4C800AE7BEA /* WedgetProvider.swift */; };
		BF6C526C289E120400EA224F /* RequestResult.swift in Sources */ = {isa = PBXBuildFile; fileRef = BF6C525F289E0FAD00EA224F /* RequestResult.swift */; };
		BF6C526D289E120700EA224F /* RecoveryTime.swift in Sources */ = {isa = PBXBuildFile; fileRef = BF6C5262289E100600EA224F /* RecoveryTime.swift */; };
		BF6C526E289E120A00EA224F /* UserData.swift in Sources */ = {isa = PBXBuildFile; fileRef = BF6C5265289E10AB00EA224F /* UserData.swift */; };
		BF6C526F289E120D00EA224F /* Expedition.swift in Sources */ = {isa = PBXBuildFile; fileRef = BF6C5268289E10EB00EA224F /* Expedition.swift */; };
		BF6C5272289E12DA00EA224F /* md5.swift in Sources */ = {isa = PBXBuildFile; fileRef = BF6C5271289E12DA00EA224F /* md5.swift */; };
		BF6C5273289E12DA00EA224F /* md5.swift in Sources */ = {isa = PBXBuildFile; fileRef = BF6C5271289E12DA00EA224F /* md5.swift */; };
		BF6C5275289E137200EA224F /* Servers.swift in Sources */ = {isa = PBXBuildFile; fileRef = BF6C5274289E137200EA224F /* Servers.swift */; };
		BF6C5276289E137200EA224F /* Servers.swift in Sources */ = {isa = PBXBuildFile; fileRef = BF6C5274289E137200EA224F /* Servers.swift */; };
		BF6C5278289E153400EA224F /* NetworkReachability.swift in Sources */ = {isa = PBXBuildFile; fileRef = BF6C5277289E153400EA224F /* NetworkReachability.swift */; };
		BF6C5279289E153400EA224F /* NetworkReachability.swift in Sources */ = {isa = PBXBuildFile; fileRef = BF6C5277289E153400EA224F /* NetworkReachability.swift */; };
		BF6C527B289E168A00EA224F /* HttpMethod.swift in Sources */ = {isa = PBXBuildFile; fileRef = BF6C527A289E168A00EA224F /* HttpMethod.swift */; };
		BF6C527C289E168A00EA224F /* HttpMethod.swift in Sources */ = {isa = PBXBuildFile; fileRef = BF6C527A289E168A00EA224F /* HttpMethod.swift */; };
		BF6C527E289E180000EA224F /* Error.swift in Sources */ = {isa = PBXBuildFile; fileRef = BF6C527D289E180000EA224F /* Error.swift */; };
		BF6C527F289E180000EA224F /* Error.swift in Sources */ = {isa = PBXBuildFile; fileRef = BF6C527D289E180000EA224F /* Error.swift */; };
		BFE42535289E203B00FEFA49 /* FeatureAPI.swift in Sources */ = {isa = PBXBuildFile; fileRef = BFE42534289E203A00FEFA49 /* FeatureAPI.swift */; };
		BFE42536289E203B00FEFA49 /* FeatureAPI.swift in Sources */ = {isa = PBXBuildFile; fileRef = BFE42534289E203A00FEFA49 /* FeatureAPI.swift */; };
		BFE42539289E500F00FEFA49 /* MainInfoView.swift in Sources */ = {isa = PBXBuildFile; fileRef = BFE42538289E500F00FEFA49 /* MainInfoView.swift */; };
		BFE4253B289E504C00FEFA49 /* DetailInfoView.swift in Sources */ = {isa = PBXBuildFile; fileRef = BFE4253A289E504C00FEFA49 /* DetailInfoView.swift */; };
		BFE4253D289E507F00FEFA49 /* MainInfoWithDetailView.swift in Sources */ = {isa = PBXBuildFile; fileRef = BFE4253C289E507F00FEFA49 /* MainInfoWithDetailView.swift */; };
		BFE42540289E51E100FEFA49 /* ResinView.swift in Sources */ = {isa = PBXBuildFile; fileRef = BFE4253F289E51E100FEFA49 /* ResinView.swift */; };
		BFE42542289E520A00FEFA49 /* RecoveryTimeTextView.swift in Sources */ = {isa = PBXBuildFile; fileRef = BFE42541289E520A00FEFA49 /* RecoveryTimeTextView.swift */; };
		BFE42544289E523D00FEFA49 /* TimeTools.swift in Sources */ = {isa = PBXBuildFile; fileRef = BFE42543289E523D00FEFA49 /* TimeTools.swift */; };
		BFE42545289E523D00FEFA49 /* TimeTools.swift in Sources */ = {isa = PBXBuildFile; fileRef = BFE42543289E523D00FEFA49 /* TimeTools.swift */; };
		BFE42547289E987800FEFA49 /* TextPlayerView.swift in Sources */ = {isa = PBXBuildFile; fileRef = BFE42546289E987800FEFA49 /* TextPlayerView.swift */; };
		EA0F91D92886B58800AE7A62 /* Assets.xcassets in Resources */ = {isa = PBXBuildFile; fileRef = EA0F91D82886B58800AE7A62 /* Assets.xcassets */; };
		EA30F99C2886B46C00AE7BEA /* Assets.xcassets in Resources */ = {isa = PBXBuildFile; fileRef = EA30F99B2886B46C00AE7BEA /* Assets.xcassets */; };
		EA30F9A42886B49200AE7BEA /* WidgetKit.framework in Frameworks */ = {isa = PBXBuildFile; fileRef = EA30F9A32886B49200AE7BEA /* WidgetKit.framework */; };
		EA30F9A62886B49200AE7BEA /* SwiftUI.framework in Frameworks */ = {isa = PBXBuildFile; fileRef = EA30F9A52886B49200AE7BEA /* SwiftUI.framework */; };
		EA30F9A92886B49200AE7BEA /* ResinStatusWidget.swift in Sources */ = {isa = PBXBuildFile; fileRef = EA30F9A82886B49200AE7BEA /* ResinStatusWidget.swift */; };
		EA30F9AF2886B49300AE7BEA /* ResinStatusWidgetExtension.appex in Embed App Extensions */ = {isa = PBXBuildFile; fileRef = EA30F9A12886B49200AE7BEA /* ResinStatusWidgetExtension.appex */; settings = {ATTRIBUTES = (RemoveHeadersOnCopy, ); }; };
		EA7F67CA289D711200D2CE29 /* README.md in Resources */ = {isa = PBXBuildFile; fileRef = EA7F67C9289D711200D2CE29 /* README.md */; };
		EABD7DBA2886B2D200B7F0FD /* GenshinPizzaHeplerApp.swift in Sources */ = {isa = PBXBuildFile; fileRef = EABD7DB92886B2D200B7F0FD /* GenshinPizzaHeplerApp.swift */; };
		EABD7DC12886B2D300B7F0FD /* Preview Assets.xcassets in Resources */ = {isa = PBXBuildFile; fileRef = EABD7DC02886B2D300B7F0FD /* Preview Assets.xcassets */; };
		EABD7DC82886B2DA00B7F0FD /* Model.swift in Sources */ = {isa = PBXBuildFile; fileRef = EABD7DC72886B2DA00B7F0FD /* Model.swift */; };
		EABD7DCD2886B3D700B7F0FD /* icon.png in Resources */ = {isa = PBXBuildFile; fileRef = EABD7DCC2886B3D700B7F0FD /* icon.png */; };
/* End PBXBuildFile section */

/* Begin PBXContainerItemProxy section */
		EA30F9AD2886B49300AE7BEA /* PBXContainerItemProxy */ = {
			isa = PBXContainerItemProxy;
			containerPortal = EABD7DAE2886B2D200B7F0FD /* Project object */;
			proxyType = 1;
			remoteGlobalIDString = EA30F9A02886B49200AE7BEA;
			remoteInfo = ResinStatusWidgetExtension;
		};
/* End PBXContainerItemProxy section */

/* Begin PBXCopyFilesBuildPhase section */
		EA30F9B32886B49300AE7BEA /* Embed App Extensions */ = {
			isa = PBXCopyFilesBuildPhase;
			buildActionMask = 2147483647;
			dstPath = "";
			dstSubfolderSpec = 13;
			files = (
				EA30F9AF2886B49300AE7BEA /* ResinStatusWidgetExtension.appex in Embed App Extensions */,
			);
			name = "Embed App Extensions";
			runOnlyForDeploymentPostprocessing = 0;
		};
/* End PBXCopyFilesBuildPhase section */

/* Begin PBXFileReference section */
		BF6C5256289E00B100EA224F /* ContentView.swift */ = {isa = PBXFileReference; fileEncoding = 4; lastKnownFileType = sourcecode.swift; path = ContentView.swift; sourceTree = "<group>"; };
		BF6C525A289E02B600EA224F /* ios.yml */ = {isa = PBXFileReference; lastKnownFileType = text.yaml; path = ios.yml; sourceTree = "<group>"; };
		BF6C525B289E095F00EA224F /* .gitignore */ = {isa = PBXFileReference; lastKnownFileType = text; name = .gitignore; path = GenshinPizzaHepler/.gitignore; sourceTree = "<group>"; };
		BF6C525F289E0FAD00EA224F /* RequestResult.swift */ = {isa = PBXFileReference; lastKnownFileType = sourcecode.swift; path = RequestResult.swift; sourceTree = "<group>"; };
		BF6C5262289E100600EA224F /* RecoveryTime.swift */ = {isa = PBXFileReference; lastKnownFileType = sourcecode.swift; path = RecoveryTime.swift; sourceTree = "<group>"; };
		BF6C5265289E10AB00EA224F /* UserData.swift */ = {isa = PBXFileReference; lastKnownFileType = sourcecode.swift; path = UserData.swift; sourceTree = "<group>"; };
		BF6C5268289E10EB00EA224F /* Expedition.swift */ = {isa = PBXFileReference; lastKnownFileType = sourcecode.swift; path = Expedition.swift; sourceTree = "<group>"; };
		BF6C5271289E12DA00EA224F /* md5.swift */ = {isa = PBXFileReference; lastKnownFileType = sourcecode.swift; path = md5.swift; sourceTree = "<group>"; };
		BF6C5274289E137200EA224F /* Servers.swift */ = {isa = PBXFileReference; lastKnownFileType = sourcecode.swift; path = Servers.swift; sourceTree = "<group>"; };
		BF6C5277289E153400EA224F /* NetworkReachability.swift */ = {isa = PBXFileReference; lastKnownFileType = sourcecode.swift; path = NetworkReachability.swift; sourceTree = "<group>"; };
		BF6C527A289E168A00EA224F /* HttpMethod.swift */ = {isa = PBXFileReference; lastKnownFileType = sourcecode.swift; path = HttpMethod.swift; sourceTree = "<group>"; };
		BF6C527D289E180000EA224F /* Error.swift */ = {isa = PBXFileReference; lastKnownFileType = sourcecode.swift; path = Error.swift; sourceTree = "<group>"; };
		BFE42534289E203A00FEFA49 /* FeatureAPI.swift */ = {isa = PBXFileReference; lastKnownFileType = sourcecode.swift; path = FeatureAPI.swift; sourceTree = "<group>"; };
		BFE42538289E500F00FEFA49 /* MainInfoView.swift */ = {isa = PBXFileReference; lastKnownFileType = sourcecode.swift; path = MainInfoView.swift; sourceTree = "<group>"; };
		BFE4253A289E504C00FEFA49 /* DetailInfoView.swift */ = {isa = PBXFileReference; lastKnownFileType = sourcecode.swift; path = DetailInfoView.swift; sourceTree = "<group>"; };
		BFE4253C289E507F00FEFA49 /* MainInfoWithDetailView.swift */ = {isa = PBXFileReference; lastKnownFileType = sourcecode.swift; path = MainInfoWithDetailView.swift; sourceTree = "<group>"; };
		BFE4253F289E51E100FEFA49 /* ResinView.swift */ = {isa = PBXFileReference; lastKnownFileType = sourcecode.swift; path = ResinView.swift; sourceTree = "<group>"; };
		BFE42541289E520A00FEFA49 /* RecoveryTimeTextView.swift */ = {isa = PBXFileReference; lastKnownFileType = sourcecode.swift; path = RecoveryTimeTextView.swift; sourceTree = "<group>"; };
		BFE42543289E523D00FEFA49 /* TimeTools.swift */ = {isa = PBXFileReference; lastKnownFileType = sourcecode.swift; path = TimeTools.swift; sourceTree = "<group>"; };
		BFE42546289E987800FEFA49 /* TextPlayerView.swift */ = {isa = PBXFileReference; lastKnownFileType = sourcecode.swift; path = TextPlayerView.swift; sourceTree = "<group>"; };
		EA0F91D82886B58800AE7A62 /* Assets.xcassets */ = {isa = PBXFileReference; lastKnownFileType = folder.assetcatalog; path = Assets.xcassets; sourceTree = "<group>"; };
		EA0F91DA2886B5F900AE7A62 /* ResinStatusWidgetExtension.entitlements */ = {isa = PBXFileReference; lastKnownFileType = text.plist.entitlements; path = ResinStatusWidgetExtension.entitlements; sourceTree = "<group>"; };
		EA0F91DB2886B60700AE7A62 /* GenshinPizzaHepler.entitlements */ = {isa = PBXFileReference; lastKnownFileType = text.plist.entitlements; path = GenshinPizzaHepler.entitlements; sourceTree = "<group>"; };
		EA1B76762886B89F007A5216 /* Info.plist */ = {isa = PBXFileReference; lastKnownFileType = text.plist; path = Info.plist; sourceTree = "<group>"; };
		EA30F99B2886B46C00AE7BEA /* Assets.xcassets */ = {isa = PBXFileReference; lastKnownFileType = folder.assetcatalog; path = Assets.xcassets; sourceTree = "<group>"; };
		EA30F9A12886B49200AE7BEA /* ResinStatusWidgetExtension.appex */ = {isa = PBXFileReference; explicitFileType = "wrapper.app-extension"; includeInIndex = 0; path = ResinStatusWidgetExtension.appex; sourceTree = BUILT_PRODUCTS_DIR; };
		EA30F9A32886B49200AE7BEA /* WidgetKit.framework */ = {isa = PBXFileReference; lastKnownFileType = wrapper.framework; name = WidgetKit.framework; path = System/Library/Frameworks/WidgetKit.framework; sourceTree = SDKROOT; };
		EA30F9A52886B49200AE7BEA /* SwiftUI.framework */ = {isa = PBXFileReference; lastKnownFileType = wrapper.framework; name = SwiftUI.framework; path = System/Library/Frameworks/SwiftUI.framework; sourceTree = SDKROOT; };
		EA30F9A82886B49200AE7BEA /* ResinStatusWidget.swift */ = {isa = PBXFileReference; lastKnownFileType = sourcecode.swift; path = ResinStatusWidget.swift; sourceTree = "<group>"; };
		EA30F9AC2886B49300AE7BEA /* Info.plist */ = {isa = PBXFileReference; lastKnownFileType = text.plist.xml; path = Info.plist; sourceTree = "<group>"; };
		EA30F9B42886B4C800AE7BEA /* WedgetProvider.swift */ = {isa = PBXFileReference; lastKnownFileType = sourcecode.swift; path = WedgetProvider.swift; sourceTree = "<group>"; };
		EA7F67C9289D711200D2CE29 /* README.md */ = {isa = PBXFileReference; fileEncoding = 4; lastKnownFileType = net.daringfireball.markdown; path = README.md; sourceTree = "<group>"; };
		EABD7DB62886B2D200B7F0FD /* 原神披萨小助手.app */ = {isa = PBXFileReference; explicitFileType = wrapper.application; includeInIndex = 0; path = "原神披萨小助手.app"; sourceTree = BUILT_PRODUCTS_DIR; };
		EABD7DB92886B2D200B7F0FD /* GenshinPizzaHeplerApp.swift */ = {isa = PBXFileReference; lastKnownFileType = sourcecode.swift; path = GenshinPizzaHeplerApp.swift; sourceTree = "<group>"; };
		EABD7DC02886B2D300B7F0FD /* Preview Assets.xcassets */ = {isa = PBXFileReference; lastKnownFileType = folder.assetcatalog; path = "Preview Assets.xcassets"; sourceTree = "<group>"; };
		EABD7DC72886B2DA00B7F0FD /* Model.swift */ = {isa = PBXFileReference; lastKnownFileType = sourcecode.swift; path = Model.swift; sourceTree = "<group>"; };
		EABD7DCC2886B3D700B7F0FD /* icon.png */ = {isa = PBXFileReference; lastKnownFileType = image.png; path = icon.png; sourceTree = "<group>"; };
/* End PBXFileReference section */

/* Begin PBXFrameworksBuildPhase section */
		EA30F99E2886B49200AE7BEA /* Frameworks */ = {
			isa = PBXFrameworksBuildPhase;
			buildActionMask = 2147483647;
			files = (
				EA30F9A62886B49200AE7BEA /* SwiftUI.framework in Frameworks */,
				EA30F9A42886B49200AE7BEA /* WidgetKit.framework in Frameworks */,
			);
			runOnlyForDeploymentPostprocessing = 0;
		};
		EABD7DB32886B2D200B7F0FD /* Frameworks */ = {
			isa = PBXFrameworksBuildPhase;
			buildActionMask = 2147483647;
			files = (
			);
			runOnlyForDeploymentPostprocessing = 0;
		};
/* End PBXFrameworksBuildPhase section */

/* Begin PBXGroup section */
		BF6C5258289E02B600EA224F /* .github */ = {
			isa = PBXGroup;
			children = (
				BF6C5259289E02B600EA224F /* workflows */,
			);
			path = .github;
			sourceTree = "<group>";
		};
		BF6C5259289E02B600EA224F /* workflows */ = {
			isa = PBXGroup;
			children = (
				BF6C525A289E02B600EA224F /* ios.yml */,
			);
			path = workflows;
			sourceTree = "<group>";
		};
		BF6C525D289E0F2200EA224F /* Models */ = {
			isa = PBXGroup;
			children = (
				BF6C525F289E0FAD00EA224F /* RequestResult.swift */,
				BF6C5262289E100600EA224F /* RecoveryTime.swift */,
				BF6C5265289E10AB00EA224F /* UserData.swift */,
				BF6C5268289E10EB00EA224F /* Expedition.swift */,
				BF6C527D289E180000EA224F /* Error.swift */,
			);
			path = Models;
			sourceTree = "<group>";
		};
		BF6C525E289E0F2A00EA224F /* Request */ = {
			isa = PBXGroup;
			children = (
				BF6C527A289E168A00EA224F /* HttpMethod.swift */,
				BFE42534289E203A00FEFA49 /* FeatureAPI.swift */,
			);
			path = Request;
			sourceTree = "<group>";
		};
		BF6C5270289E12B500EA224F /* CommonTools */ = {
			isa = PBXGroup;
			children = (
				BF6C5271289E12DA00EA224F /* md5.swift */,
				BF6C5274289E137200EA224F /* Servers.swift */,
				BF6C5277289E153400EA224F /* NetworkReachability.swift */,
				BFE42543289E523D00FEFA49 /* TimeTools.swift */,
			);
			path = CommonTools;
			sourceTree = "<group>";
		};
		BFE42537289E4FF700FEFA49 /* Views */ = {
			isa = PBXGroup;
			children = (
				BFE42538289E500F00FEFA49 /* MainInfoView.swift */,
				BFE4253A289E504C00FEFA49 /* DetailInfoView.swift */,
				BFE4253C289E507F00FEFA49 /* MainInfoWithDetailView.swift */,
				BFE4253E289E51C900FEFA49 /* SubViews */,
			);
			path = Views;
			sourceTree = "<group>";
		};
		BFE4253E289E51C900FEFA49 /* SubViews */ = {
			isa = PBXGroup;
			children = (
				BFE4253F289E51E100FEFA49 /* ResinView.swift */,
				BFE42541289E520A00FEFA49 /* RecoveryTimeTextView.swift */,
			);
			path = SubViews;
			sourceTree = "<group>";
		};
		EA30F9A22886B49200AE7BEA /* Frameworks */ = {
			isa = PBXGroup;
			children = (
				EA30F9A32886B49200AE7BEA /* WidgetKit.framework */,
				EA30F9A52886B49200AE7BEA /* SwiftUI.framework */,
			);
			name = Frameworks;
			sourceTree = "<group>";
		};
		EA30F9A72886B49200AE7BEA /* ResinStatusWidget */ = {
			isa = PBXGroup;
			children = (
				BFE42537289E4FF700FEFA49 /* Views */,
				EA30F9A82886B49200AE7BEA /* ResinStatusWidget.swift */,
				EA30F9B42886B4C800AE7BEA /* WedgetProvider.swift */,
				EA0F91D82886B58800AE7A62 /* Assets.xcassets */,
				EA30F9AC2886B49300AE7BEA /* Info.plist */,
			);
			path = ResinStatusWidget;
			sourceTree = "<group>";
		};
		EABD7DAD2886B2D200B7F0FD = {
			isa = PBXGroup;
			children = (
				BF6C525B289E095F00EA224F /* .gitignore */,
				EA7F67C9289D711200D2CE29 /* README.md */,
				EA0F91DA2886B5F900AE7A62 /* ResinStatusWidgetExtension.entitlements */,
				BF6C5258289E02B600EA224F /* .github */,
				BF6C525E289E0F2A00EA224F /* Request */,
				BF6C5270289E12B500EA224F /* CommonTools */,
				BF6C525D289E0F2200EA224F /* Models */,
				EABD7DB82886B2D200B7F0FD /* GenshinPizzaHepler */,
				EA30F9A72886B49200AE7BEA /* ResinStatusWidget */,
				EA30F9A22886B49200AE7BEA /* Frameworks */,
				EABD7DB72886B2D200B7F0FD /* Products */,
			);
			sourceTree = "<group>";
		};
		EABD7DB72886B2D200B7F0FD /* Products */ = {
			isa = PBXGroup;
			children = (
				EABD7DB62886B2D200B7F0FD /* 原神披萨小助手.app */,
				EA30F9A12886B49200AE7BEA /* ResinStatusWidgetExtension.appex */,
			);
			name = Products;
			sourceTree = "<group>";
		};
		EABD7DB82886B2D200B7F0FD /* GenshinPizzaHepler */ = {
			isa = PBXGroup;
			children = (
				EA1B76762886B89F007A5216 /* Info.plist */,
				EA0F91DB2886B60700AE7A62 /* GenshinPizzaHepler.entitlements */,
				BF6C5256289E00B100EA224F /* ContentView.swift */,
				BFE42546289E987800FEFA49 /* TextPlayerView.swift */,
				EABD7DB92886B2D200B7F0FD /* GenshinPizzaHeplerApp.swift */,
				EABD7DC72886B2DA00B7F0FD /* Model.swift */,
				EA30F99B2886B46C00AE7BEA /* Assets.xcassets */,
				EABD7DBF2886B2D300B7F0FD /* Preview Content */,
			);
			path = GenshinPizzaHepler;
			sourceTree = "<group>";
		};
		EABD7DBF2886B2D300B7F0FD /* Preview Content */ = {
			isa = PBXGroup;
			children = (
				EABD7DCC2886B3D700B7F0FD /* icon.png */,
				EABD7DC02886B2D300B7F0FD /* Preview Assets.xcassets */,
			);
			path = "Preview Content";
			sourceTree = "<group>";
		};
/* End PBXGroup section */

/* Begin PBXNativeTarget section */
		EA30F9A02886B49200AE7BEA /* ResinStatusWidgetExtension */ = {
			isa = PBXNativeTarget;
			buildConfigurationList = EA30F9B02886B49300AE7BEA /* Build configuration list for PBXNativeTarget "ResinStatusWidgetExtension" */;
			buildPhases = (
				EA30F99D2886B49200AE7BEA /* Sources */,
				EA30F99E2886B49200AE7BEA /* Frameworks */,
				EA30F99F2886B49200AE7BEA /* Resources */,
			);
			buildRules = (
			);
			dependencies = (
			);
			name = ResinStatusWidgetExtension;
			productName = ResinStatusWidgetExtension;
			productReference = EA30F9A12886B49200AE7BEA /* ResinStatusWidgetExtension.appex */;
			productType = "com.apple.product-type.app-extension";
		};
		EABD7DB52886B2D200B7F0FD /* GenshinPizzaHepler */ = {
			isa = PBXNativeTarget;
			buildConfigurationList = EABD7DC42886B2D300B7F0FD /* Build configuration list for PBXNativeTarget "GenshinPizzaHepler" */;
			buildPhases = (
				EABD7DB22886B2D200B7F0FD /* Sources */,
				EABD7DB32886B2D200B7F0FD /* Frameworks */,
				EABD7DB42886B2D200B7F0FD /* Resources */,
				EA30F9B32886B49300AE7BEA /* Embed App Extensions */,
			);
			buildRules = (
			);
			dependencies = (
				EA30F9AE2886B49300AE7BEA /* PBXTargetDependency */,
			);
			name = GenshinPizzaHepler;
			productName = GenshinPizzaHepler;
			productReference = EABD7DB62886B2D200B7F0FD /* 原神披萨小助手.app */;
			productType = "com.apple.product-type.application";
		};
/* End PBXNativeTarget section */

/* Begin PBXProject section */
		EABD7DAE2886B2D200B7F0FD /* Project object */ = {
			isa = PBXProject;
			attributes = {
				BuildIndependentTargetsInParallel = 1;
				LastSwiftUpdateCheck = 1340;
				LastUpgradeCheck = 1340;
				TargetAttributes = {
					EA30F9A02886B49200AE7BEA = {
						CreatedOnToolsVersion = 13.4.1;
					};
					EABD7DB52886B2D200B7F0FD = {
						CreatedOnToolsVersion = 13.4.1;
					};
				};
			};
			buildConfigurationList = EABD7DB12886B2D200B7F0FD /* Build configuration list for PBXProject "原神披萨小助手" */;
			compatibilityVersion = "Xcode 13.0";
			developmentRegion = en;
			hasScannedForEncodings = 0;
			knownRegions = (
				en,
				Base,
			);
			mainGroup = EABD7DAD2886B2D200B7F0FD;
			productRefGroup = EABD7DB72886B2D200B7F0FD /* Products */;
			projectDirPath = "";
			projectRoot = "";
			targets = (
				EABD7DB52886B2D200B7F0FD /* GenshinPizzaHepler */,
				EA30F9A02886B49200AE7BEA /* ResinStatusWidgetExtension */,
			);
		};
/* End PBXProject section */

/* Begin PBXResourcesBuildPhase section */
		EA30F99F2886B49200AE7BEA /* Resources */ = {
			isa = PBXResourcesBuildPhase;
			buildActionMask = 2147483647;
			files = (
				EA7F67CA289D711200D2CE29 /* README.md in Resources */,
				EA0F91D92886B58800AE7A62 /* Assets.xcassets in Resources */,
			);
			runOnlyForDeploymentPostprocessing = 0;
		};
		EABD7DB42886B2D200B7F0FD /* Resources */ = {
			isa = PBXResourcesBuildPhase;
			buildActionMask = 2147483647;
			files = (
				EABD7DCD2886B3D700B7F0FD /* icon.png in Resources */,
				EA30F99C2886B46C00AE7BEA /* Assets.xcassets in Resources */,
				EABD7DC12886B2D300B7F0FD /* Preview Assets.xcassets in Resources */,
			);
			runOnlyForDeploymentPostprocessing = 0;
		};
/* End PBXResourcesBuildPhase section */

/* Begin PBXSourcesBuildPhase section */
		EA30F99D2886B49200AE7BEA /* Sources */ = {
			isa = PBXSourcesBuildPhase;
			buildActionMask = 2147483647;
			files = (
				BF6C526C289E120400EA224F /* RequestResult.swift in Sources */,
				EA30F9A92886B49200AE7BEA /* ResinStatusWidget.swift in Sources */,
				BF6C527C289E168A00EA224F /* HttpMethod.swift in Sources */,
				BF6C527F289E180000EA224F /* Error.swift in Sources */,
				BF6C5276289E137200EA224F /* Servers.swift in Sources */,
				BF6C526F289E120D00EA224F /* Expedition.swift in Sources */,
				BFE42540289E51E100FEFA49 /* ResinView.swift in Sources */,
				BFE4253D289E507F00FEFA49 /* MainInfoWithDetailView.swift in Sources */,
				BF6C526B289E116700EA224F /* WedgetProvider.swift in Sources */,
				BFE4253B289E504C00FEFA49 /* DetailInfoView.swift in Sources */,
				BF6C5279289E153400EA224F /* NetworkReachability.swift in Sources */,
				BF6C5273289E12DA00EA224F /* md5.swift in Sources */,
				BFE42545289E523D00FEFA49 /* TimeTools.swift in Sources */,
				BFE42542289E520A00FEFA49 /* RecoveryTimeTextView.swift in Sources */,
				BFE42539289E500F00FEFA49 /* MainInfoView.swift in Sources */,
				BFE42536289E203B00FEFA49 /* FeatureAPI.swift in Sources */,
				BF6C526E289E120A00EA224F /* UserData.swift in Sources */,
				BF6C526D289E120700EA224F /* RecoveryTime.swift in Sources */,
			);
			runOnlyForDeploymentPostprocessing = 0;
		};
		EABD7DB22886B2D200B7F0FD /* Sources */ = {
			isa = PBXSourcesBuildPhase;
			buildActionMask = 2147483647;
			files = (
				BF6C5266289E10AB00EA224F /* UserData.swift in Sources */,
				BF6C5263289E100600EA224F /* RecoveryTime.swift in Sources */,
				BF6C5272289E12DA00EA224F /* md5.swift in Sources */,
				BFE42547289E987800FEFA49 /* TextPlayerView.swift in Sources */,
				BF6C5269289E10EB00EA224F /* Expedition.swift in Sources */,
				BF6C527E289E180000EA224F /* Error.swift in Sources */,
				BF6C527B289E168A00EA224F /* HttpMethod.swift in Sources */,
				BFE42544289E523D00FEFA49 /* TimeTools.swift in Sources */,
				EABD7DC82886B2DA00B7F0FD /* Model.swift in Sources */,
				EABD7DBA2886B2D200B7F0FD /* GenshinPizzaHeplerApp.swift in Sources */,
				BF6C5260289E0FAD00EA224F /* RequestResult.swift in Sources */,
				BF6C5257289E00B100EA224F /* ContentView.swift in Sources */,
				BF6C5275289E137200EA224F /* Servers.swift in Sources */,
				BF6C5278289E153400EA224F /* NetworkReachability.swift in Sources */,
				BFE42535289E203B00FEFA49 /* FeatureAPI.swift in Sources */,
			);
			runOnlyForDeploymentPostprocessing = 0;
		};
/* End PBXSourcesBuildPhase section */

/* Begin PBXTargetDependency section */
		EA30F9AE2886B49300AE7BEA /* PBXTargetDependency */ = {
			isa = PBXTargetDependency;
			target = EA30F9A02886B49200AE7BEA /* ResinStatusWidgetExtension */;
			targetProxy = EA30F9AD2886B49300AE7BEA /* PBXContainerItemProxy */;
		};
/* End PBXTargetDependency section */

/* Begin XCBuildConfiguration section */
		EA30F9B12886B49300AE7BEA /* Debug */ = {
			isa = XCBuildConfiguration;
			buildSettings = {
				ASSETCATALOG_COMPILER_GLOBAL_ACCENT_COLOR_NAME = AccentColor;
				ASSETCATALOG_COMPILER_WIDGET_BACKGROUND_COLOR_NAME = WidgetBackground;
				CODE_SIGN_ENTITLEMENTS = ResinStatusWidgetExtension.entitlements;
				CODE_SIGN_STYLE = Automatic;
				CURRENT_PROJECT_VERSION = 1;
				DEVELOPMENT_TEAM = 45Z6V4YD5U;
				GENERATE_INFOPLIST_FILE = YES;
				INFOPLIST_FILE = ResinStatusWidget/Info.plist;
				INFOPLIST_KEY_CFBundleDisplayName = ResinStatusWidget;
				INFOPLIST_KEY_NSHumanReadableCopyright = "";
				LD_RUNPATH_SEARCH_PATHS = (
					"$(inherited)",
					"@executable_path/Frameworks",
					"@executable_path/../../Frameworks",
				);
				MARKETING_VERSION = 1.0;
				PRODUCT_BUNDLE_IDENTIFIER = Canglong.GenshinPizzaHepler.ResinStatusWidget;
				PRODUCT_NAME = "$(TARGET_NAME)";
				SKIP_INSTALL = YES;
				SWIFT_EMIT_LOC_STRINGS = YES;
				SWIFT_VERSION = 5.0;
				TARGETED_DEVICE_FAMILY = "1,2";
			};
			name = Debug;
		};
		EA30F9B22886B49300AE7BEA /* Release */ = {
			isa = XCBuildConfiguration;
			buildSettings = {
				ASSETCATALOG_COMPILER_GLOBAL_ACCENT_COLOR_NAME = AccentColor;
				ASSETCATALOG_COMPILER_WIDGET_BACKGROUND_COLOR_NAME = WidgetBackground;
				CODE_SIGN_ENTITLEMENTS = ResinStatusWidgetExtension.entitlements;
				CODE_SIGN_STYLE = Automatic;
				CURRENT_PROJECT_VERSION = 1;
				DEVELOPMENT_TEAM = 45Z6V4YD5U;
				GENERATE_INFOPLIST_FILE = YES;
				INFOPLIST_FILE = ResinStatusWidget/Info.plist;
				INFOPLIST_KEY_CFBundleDisplayName = ResinStatusWidget;
				INFOPLIST_KEY_NSHumanReadableCopyright = "";
				LD_RUNPATH_SEARCH_PATHS = (
					"$(inherited)",
					"@executable_path/Frameworks",
					"@executable_path/../../Frameworks",
				);
				MARKETING_VERSION = 1.0;
				PRODUCT_BUNDLE_IDENTIFIER = Canglong.GenshinPizzaHepler.ResinStatusWidget;
				PRODUCT_NAME = "$(TARGET_NAME)";
				SKIP_INSTALL = YES;
				SWIFT_EMIT_LOC_STRINGS = YES;
				SWIFT_VERSION = 5.0;
				TARGETED_DEVICE_FAMILY = "1,2";
			};
			name = Release;
		};
		EABD7DC22886B2D300B7F0FD /* Debug */ = {
			isa = XCBuildConfiguration;
			buildSettings = {
				ALWAYS_SEARCH_USER_PATHS = NO;
				CLANG_ANALYZER_NONNULL = YES;
				CLANG_ANALYZER_NUMBER_OBJECT_CONVERSION = YES_AGGRESSIVE;
				CLANG_CXX_LANGUAGE_STANDARD = "gnu++17";
				CLANG_ENABLE_MODULES = YES;
				CLANG_ENABLE_OBJC_ARC = YES;
				CLANG_ENABLE_OBJC_WEAK = YES;
				CLANG_WARN_BLOCK_CAPTURE_AUTORELEASING = YES;
				CLANG_WARN_BOOL_CONVERSION = YES;
				CLANG_WARN_COMMA = YES;
				CLANG_WARN_CONSTANT_CONVERSION = YES;
				CLANG_WARN_DEPRECATED_OBJC_IMPLEMENTATIONS = YES;
				CLANG_WARN_DIRECT_OBJC_ISA_USAGE = YES_ERROR;
				CLANG_WARN_DOCUMENTATION_COMMENTS = YES;
				CLANG_WARN_EMPTY_BODY = YES;
				CLANG_WARN_ENUM_CONVERSION = YES;
				CLANG_WARN_INFINITE_RECURSION = YES;
				CLANG_WARN_INT_CONVERSION = YES;
				CLANG_WARN_NON_LITERAL_NULL_CONVERSION = YES;
				CLANG_WARN_OBJC_IMPLICIT_RETAIN_SELF = YES;
				CLANG_WARN_OBJC_LITERAL_CONVERSION = YES;
				CLANG_WARN_OBJC_ROOT_CLASS = YES_ERROR;
				CLANG_WARN_QUOTED_INCLUDE_IN_FRAMEWORK_HEADER = YES;
				CLANG_WARN_RANGE_LOOP_ANALYSIS = YES;
				CLANG_WARN_STRICT_PROTOTYPES = YES;
				CLANG_WARN_SUSPICIOUS_MOVE = YES;
				CLANG_WARN_UNGUARDED_AVAILABILITY = YES_AGGRESSIVE;
				CLANG_WARN_UNREACHABLE_CODE = YES;
				CLANG_WARN__DUPLICATE_METHOD_MATCH = YES;
				COPY_PHASE_STRIP = NO;
				DEBUG_INFORMATION_FORMAT = dwarf;
				ENABLE_STRICT_OBJC_MSGSEND = YES;
				ENABLE_TESTABILITY = YES;
				GCC_C_LANGUAGE_STANDARD = gnu11;
				GCC_DYNAMIC_NO_PIC = NO;
				GCC_NO_COMMON_BLOCKS = YES;
				GCC_OPTIMIZATION_LEVEL = 0;
				GCC_PREPROCESSOR_DEFINITIONS = (
					"DEBUG=1",
					"$(inherited)",
				);
				GCC_WARN_64_TO_32_BIT_CONVERSION = YES;
				GCC_WARN_ABOUT_RETURN_TYPE = YES_ERROR;
				GCC_WARN_UNDECLARED_SELECTOR = YES;
				GCC_WARN_UNINITIALIZED_AUTOS = YES_AGGRESSIVE;
				GCC_WARN_UNUSED_FUNCTION = YES;
				GCC_WARN_UNUSED_VARIABLE = YES;
				IPHONEOS_DEPLOYMENT_TARGET = 14.0;
				MTL_ENABLE_DEBUG_INFO = INCLUDE_SOURCE;
				MTL_FAST_MATH = YES;
				ONLY_ACTIVE_ARCH = YES;
				SDKROOT = iphoneos;
				SWIFT_ACTIVE_COMPILATION_CONDITIONS = DEBUG;
				SWIFT_OPTIMIZATION_LEVEL = "-Onone";
			};
			name = Debug;
		};
		EABD7DC32886B2D300B7F0FD /* Release */ = {
			isa = XCBuildConfiguration;
			buildSettings = {
				ALWAYS_SEARCH_USER_PATHS = NO;
				CLANG_ANALYZER_NONNULL = YES;
				CLANG_ANALYZER_NUMBER_OBJECT_CONVERSION = YES_AGGRESSIVE;
				CLANG_CXX_LANGUAGE_STANDARD = "gnu++17";
				CLANG_ENABLE_MODULES = YES;
				CLANG_ENABLE_OBJC_ARC = YES;
				CLANG_ENABLE_OBJC_WEAK = YES;
				CLANG_WARN_BLOCK_CAPTURE_AUTORELEASING = YES;
				CLANG_WARN_BOOL_CONVERSION = YES;
				CLANG_WARN_COMMA = YES;
				CLANG_WARN_CONSTANT_CONVERSION = YES;
				CLANG_WARN_DEPRECATED_OBJC_IMPLEMENTATIONS = YES;
				CLANG_WARN_DIRECT_OBJC_ISA_USAGE = YES_ERROR;
				CLANG_WARN_DOCUMENTATION_COMMENTS = YES;
				CLANG_WARN_EMPTY_BODY = YES;
				CLANG_WARN_ENUM_CONVERSION = YES;
				CLANG_WARN_INFINITE_RECURSION = YES;
				CLANG_WARN_INT_CONVERSION = YES;
				CLANG_WARN_NON_LITERAL_NULL_CONVERSION = YES;
				CLANG_WARN_OBJC_IMPLICIT_RETAIN_SELF = YES;
				CLANG_WARN_OBJC_LITERAL_CONVERSION = YES;
				CLANG_WARN_OBJC_ROOT_CLASS = YES_ERROR;
				CLANG_WARN_QUOTED_INCLUDE_IN_FRAMEWORK_HEADER = YES;
				CLANG_WARN_RANGE_LOOP_ANALYSIS = YES;
				CLANG_WARN_STRICT_PROTOTYPES = YES;
				CLANG_WARN_SUSPICIOUS_MOVE = YES;
				CLANG_WARN_UNGUARDED_AVAILABILITY = YES_AGGRESSIVE;
				CLANG_WARN_UNREACHABLE_CODE = YES;
				CLANG_WARN__DUPLICATE_METHOD_MATCH = YES;
				COPY_PHASE_STRIP = NO;
				DEBUG_INFORMATION_FORMAT = "dwarf-with-dsym";
				ENABLE_NS_ASSERTIONS = NO;
				ENABLE_STRICT_OBJC_MSGSEND = YES;
				GCC_C_LANGUAGE_STANDARD = gnu11;
				GCC_NO_COMMON_BLOCKS = YES;
				GCC_WARN_64_TO_32_BIT_CONVERSION = YES;
				GCC_WARN_ABOUT_RETURN_TYPE = YES_ERROR;
				GCC_WARN_UNDECLARED_SELECTOR = YES;
				GCC_WARN_UNINITIALIZED_AUTOS = YES_AGGRESSIVE;
				GCC_WARN_UNUSED_FUNCTION = YES;
				GCC_WARN_UNUSED_VARIABLE = YES;
				IPHONEOS_DEPLOYMENT_TARGET = 14.0;
				MTL_ENABLE_DEBUG_INFO = NO;
				MTL_FAST_MATH = YES;
				SDKROOT = iphoneos;
				SWIFT_COMPILATION_MODE = wholemodule;
				SWIFT_OPTIMIZATION_LEVEL = "-O";
				VALIDATE_PRODUCT = YES;
			};
			name = Release;
		};
		EABD7DC52886B2D300B7F0FD /* Debug */ = {
			isa = XCBuildConfiguration;
			buildSettings = {
				ALWAYS_EMBED_SWIFT_STANDARD_LIBRARIES = YES;
				ASSETCATALOG_COMPILER_APPICON_NAME = AppIcon;
				ASSETCATALOG_COMPILER_GLOBAL_ACCENT_COLOR_NAME = AccentColor;
				CODE_SIGN_ENTITLEMENTS = GenshinPizzaHepler/GenshinPizzaHepler.entitlements;
				CODE_SIGN_STYLE = Automatic;
				CURRENT_PROJECT_VERSION = 34;
				DEVELOPMENT_ASSET_PATHS = "\"GenshinPizzaHepler/Preview Content\"";
				DEVELOPMENT_TEAM = L7XRJ79BCH;
				ENABLE_PREVIEWS = YES;
				GENERATE_INFOPLIST_FILE = YES;
				INFOPLIST_FILE = GenshinPizzaHepler/Info.plist;
				INFOPLIST_KEY_CFBundleDisplayName = "原神披萨小助手";
				INFOPLIST_KEY_UIApplicationSceneManifest_Generation = YES;
				INFOPLIST_KEY_UIApplicationSupportsIndirectInputEvents = YES;
				INFOPLIST_KEY_UILaunchScreen_Generation = YES;
				INFOPLIST_KEY_UISupportedInterfaceOrientations_iPad = "UIInterfaceOrientationPortrait UIInterfaceOrientationPortraitUpsideDown UIInterfaceOrientationLandscapeLeft UIInterfaceOrientationLandscapeRight";
				INFOPLIST_KEY_UISupportedInterfaceOrientations_iPhone = "UIInterfaceOrientationPortrait UIInterfaceOrientationLandscapeLeft UIInterfaceOrientationLandscapeRight";
				LD_RUNPATH_SEARCH_PATHS = (
					"$(inherited)",
					"@executable_path/Frameworks",
				);
				MARKETING_VERSION = 1.3.2;
				PRODUCT_BUNDLE_IDENTIFIER = Canglong.GenshinPizzaHepler;
				PRODUCT_NAME = "原神披萨小助手";
				SWIFT_EMIT_LOC_STRINGS = YES;
				SWIFT_VERSION = 5.0;
				TARGETED_DEVICE_FAMILY = "1,2";
			};
			name = Debug;
		};
		EABD7DC62886B2D300B7F0FD /* Release */ = {
			isa = XCBuildConfiguration;
			buildSettings = {
				ALWAYS_EMBED_SWIFT_STANDARD_LIBRARIES = YES;
				ASSETCATALOG_COMPILER_APPICON_NAME = AppIcon;
				ASSETCATALOG_COMPILER_GLOBAL_ACCENT_COLOR_NAME = AccentColor;
				CODE_SIGN_ENTITLEMENTS = GenshinPizzaHepler/GenshinPizzaHepler.entitlements;
				CODE_SIGN_STYLE = Automatic;
				CURRENT_PROJECT_VERSION = 34;
				DEVELOPMENT_ASSET_PATHS = "\"GenshinPizzaHepler/Preview Content\"";
				DEVELOPMENT_TEAM = L7XRJ79BCH;
				ENABLE_PREVIEWS = YES;
				GENERATE_INFOPLIST_FILE = YES;
				INFOPLIST_FILE = GenshinPizzaHepler/Info.plist;
				INFOPLIST_KEY_CFBundleDisplayName = "原神披萨小助手";
				INFOPLIST_KEY_UIApplicationSceneManifest_Generation = YES;
				INFOPLIST_KEY_UIApplicationSupportsIndirectInputEvents = YES;
				INFOPLIST_KEY_UILaunchScreen_Generation = YES;
				INFOPLIST_KEY_UISupportedInterfaceOrientations_iPad = "UIInterfaceOrientationPortrait UIInterfaceOrientationPortraitUpsideDown UIInterfaceOrientationLandscapeLeft UIInterfaceOrientationLandscapeRight";
				INFOPLIST_KEY_UISupportedInterfaceOrientations_iPhone = "UIInterfaceOrientationPortrait UIInterfaceOrientationLandscapeLeft UIInterfaceOrientationLandscapeRight";
				LD_RUNPATH_SEARCH_PATHS = (
					"$(inherited)",
					"@executable_path/Frameworks",
				);
				MARKETING_VERSION = 1.3.2;
				PRODUCT_BUNDLE_IDENTIFIER = Canglong.GenshinPizzaHepler;
				PRODUCT_NAME = "原神披萨小助手";
				SWIFT_EMIT_LOC_STRINGS = YES;
				SWIFT_VERSION = 5.0;
				TARGETED_DEVICE_FAMILY = "1,2";
			};
			name = Release;
		};
/* End XCBuildConfiguration section */

/* Begin XCConfigurationList section */
		EA30F9B02886B49300AE7BEA /* Build configuration list for PBXNativeTarget "ResinStatusWidgetExtension" */ = {
			isa = XCConfigurationList;
			buildConfigurations = (
				EA30F9B12886B49300AE7BEA /* Debug */,
				EA30F9B22886B49300AE7BEA /* Release */,
			);
			defaultConfigurationIsVisible = 0;
			defaultConfigurationName = Release;
		};
		EABD7DB12886B2D200B7F0FD /* Build configuration list for PBXProject "原神披萨小助手" */ = {
			isa = XCConfigurationList;
			buildConfigurations = (
				EABD7DC22886B2D300B7F0FD /* Debug */,
				EABD7DC32886B2D300B7F0FD /* Release */,
			);
			defaultConfigurationIsVisible = 0;
			defaultConfigurationName = Release;
		};
		EABD7DC42886B2D300B7F0FD /* Build configuration list for PBXNativeTarget "GenshinPizzaHepler" */ = {
			isa = XCConfigurationList;
			buildConfigurations = (
				EABD7DC52886B2D300B7F0FD /* Debug */,
				EABD7DC62886B2D300B7F0FD /* Release */,
			);
			defaultConfigurationIsVisible = 0;
			defaultConfigurationName = Release;
		};
/* End XCConfigurationList section */
	};
	rootObject = EABD7DAE2886B2D200B7F0FD /* Project object */;
}
