// !$*UTF8*$!
{
	archiveVersion = 1;
	classes = {
	};
	objectVersion = 55;
	objects = {

/* Begin PBXBuildFile section */
		BF068BD528A335F9002E7334 /* WebViews.swift in Sources */ = {isa = PBXBuildFile; fileRef = BF068BD428A335F9002E7334 /* WebViews.swift */; };
		BF068BD728A343C5002E7334 /* AutoSheetDismiss.swift in Sources */ = {isa = PBXBuildFile; fileRef = BF068BD628A343C5002E7334 /* AutoSheetDismiss.swift */; };
		BF6C526B289E116700EA224F /* WedgetProvider.swift in Sources */ = {isa = PBXBuildFile; fileRef = EA30F9B42886B4C800AE7BEA /* WedgetProvider.swift */; };
		BF6C5272289E12DA00EA224F /* md5.swift in Sources */ = {isa = PBXBuildFile; fileRef = BF6C5271289E12DA00EA224F /* md5.swift */; };
		BF6C5273289E12DA00EA224F /* md5.swift in Sources */ = {isa = PBXBuildFile; fileRef = BF6C5271289E12DA00EA224F /* md5.swift */; };
		BF6C5275289E137200EA224F /* Servers.swift in Sources */ = {isa = PBXBuildFile; fileRef = BF6C5274289E137200EA224F /* Servers.swift */; };
		BF6C5276289E137200EA224F /* Servers.swift in Sources */ = {isa = PBXBuildFile; fileRef = BF6C5274289E137200EA224F /* Servers.swift */; };
		BF6C5278289E153400EA224F /* NetworkReachability.swift in Sources */ = {isa = PBXBuildFile; fileRef = BF6C5277289E153400EA224F /* NetworkReachability.swift */; };
		BF6C5279289E153400EA224F /* NetworkReachability.swift in Sources */ = {isa = PBXBuildFile; fileRef = BF6C5277289E153400EA224F /* NetworkReachability.swift */; };
		BF6C527B289E168A00EA224F /* HttpMethod.swift in Sources */ = {isa = PBXBuildFile; fileRef = BF6C527A289E168A00EA224F /* HttpMethod.swift */; };
		BF6C527C289E168A00EA224F /* HttpMethod.swift in Sources */ = {isa = PBXBuildFile; fileRef = BF6C527A289E168A00EA224F /* HttpMethod.swift */; };
		BF70210728B33D8300A6BBA9 /* AppDelegate.swift in Sources */ = {isa = PBXBuildFile; fileRef = BF70210628B33D8300A6BBA9 /* AppDelegate.swift */; };
		BF70210928B3909F00A6BBA9 /* ContentView.swift in Sources */ = {isa = PBXBuildFile; fileRef = BF70210828B3909F00A6BBA9 /* ContentView.swift */; };
		BF70210B28B3910800A6BBA9 /* HomeView.swift in Sources */ = {isa = PBXBuildFile; fileRef = BF70210A28B3910800A6BBA9 /* HomeView.swift */; };
		BF70210D28B3967A00A6BBA9 /* TapticSupport.swift in Sources */ = {isa = PBXBuildFile; fileRef = BF70210C28B3967A00A6BBA9 /* TapticSupport.swift */; };
		BF70210F28B396B900A6BBA9 /* DeviceRecognizer.swift in Sources */ = {isa = PBXBuildFile; fileRef = BF70210E28B396B900A6BBA9 /* DeviceRecognizer.swift */; };
		BF70211028B396B900A6BBA9 /* DeviceRecognizer.swift in Sources */ = {isa = PBXBuildFile; fileRef = BF70210E28B396B900A6BBA9 /* DeviceRecognizer.swift */; };
		BF70211128B396B900A6BBA9 /* DeviceRecognizer.swift in Sources */ = {isa = PBXBuildFile; fileRef = BF70210E28B396B900A6BBA9 /* DeviceRecognizer.swift */; };
		BF70211328B39E7600A6BBA9 /* AppBlockBackgroundView.swift in Sources */ = {isa = PBXBuildFile; fileRef = BF70211228B39E7600A6BBA9 /* AppBlockBackgroundView.swift */; };
		BF70211528B3AACC00A6BBA9 /* AccountDisplayView.swift in Sources */ = {isa = PBXBuildFile; fileRef = BF70211428B3AACC00A6BBA9 /* AccountDisplayView.swift */; };
		BF70211728B3AB6300A6BBA9 /* DisplayContentModel.swift in Sources */ = {isa = PBXBuildFile; fileRef = BF70211628B3AB6300A6BBA9 /* DisplayContentModel.swift */; };
		BF70211928B4863000A6BBA9 /* BackgroundsPreviewView.swift in Sources */ = {isa = PBXBuildFile; fileRef = BF70211828B4863000A6BBA9 /* BackgroundsPreviewView.swift */; };
		BF70211A28B4863000A6BBA9 /* BackgroundsPreviewView.swift in Sources */ = {isa = PBXBuildFile; fileRef = BF70211828B4863000A6BBA9 /* BackgroundsPreviewView.swift */; };
		BF70211C28B4B52500A6BBA9 /* ViewTools.swift in Sources */ = {isa = PBXBuildFile; fileRef = BF70211B28B4B52500A6BBA9 /* ViewTools.swift */; };
		BF70211D28B4B52500A6BBA9 /* ViewTools.swift in Sources */ = {isa = PBXBuildFile; fileRef = BF70211B28B4B52500A6BBA9 /* ViewTools.swift */; };
		BF70212D28B50D7800A6BBA9 /* Localizable.strings in Resources */ = {isa = PBXBuildFile; fileRef = BF70213028B50D7800A6BBA9 /* Localizable.strings */; };
		BF70212E28B50D7800A6BBA9 /* Localizable.strings in Resources */ = {isa = PBXBuildFile; fileRef = BF70213028B50D7800A6BBA9 /* Localizable.strings */; };
		BFE42535289E203B00FEFA49 /* FeatureAPI.swift in Sources */ = {isa = PBXBuildFile; fileRef = BFE42534289E203A00FEFA49 /* FeatureAPI.swift */; };
		BFE42536289E203B00FEFA49 /* FeatureAPI.swift in Sources */ = {isa = PBXBuildFile; fileRef = BFE42534289E203A00FEFA49 /* FeatureAPI.swift */; };
		BFE42539289E500F00FEFA49 /* MainInfoView.swift in Sources */ = {isa = PBXBuildFile; fileRef = BFE42538289E500F00FEFA49 /* MainInfoView.swift */; };
		BFE4253B289E504C00FEFA49 /* DetailInfoView.swift in Sources */ = {isa = PBXBuildFile; fileRef = BFE4253A289E504C00FEFA49 /* DetailInfoView.swift */; };
		BFE4253D289E507F00FEFA49 /* MainInfoWithDetailView.swift in Sources */ = {isa = PBXBuildFile; fileRef = BFE4253C289E507F00FEFA49 /* MainInfoWithDetailView.swift */; };
		BFE42542289E520A00FEFA49 /* RecoveryTimeTextView.swift in Sources */ = {isa = PBXBuildFile; fileRef = BFE42541289E520A00FEFA49 /* RecoveryTimeTextView.swift */; };
		BFE42544289E523D00FEFA49 /* TimeTools.swift in Sources */ = {isa = PBXBuildFile; fileRef = BFE42543289E523D00FEFA49 /* TimeTools.swift */; };
		BFE42545289E523D00FEFA49 /* TimeTools.swift in Sources */ = {isa = PBXBuildFile; fileRef = BFE42543289E523D00FEFA49 /* TimeTools.swift */; };
		BFE42547289E987800FEFA49 /* TextPlayerView.swift in Sources */ = {isa = PBXBuildFile; fileRef = BFE42546289E987800FEFA49 /* TextPlayerView.swift */; };
		BFE42549289F66CE00FEFA49 /* AccountInfoView.swift in Sources */ = {isa = PBXBuildFile; fileRef = BFE42548289F66CE00FEFA49 /* AccountInfoView.swift */; };
		BFE4254B289F67F600FEFA49 /* SettingsView.swift in Sources */ = {isa = PBXBuildFile; fileRef = BFE4254A289F67F600FEFA49 /* SettingsView.swift */; };
		BFE4254D289F6ACE00FEFA49 /* AccountDetailView.swift in Sources */ = {isa = PBXBuildFile; fileRef = BFE4254C289F6ACE00FEFA49 /* AccountDetailView.swift */; };
		BFE42550289F6BDA00FEFA49 /* InfoPreviewerView.swift in Sources */ = {isa = PBXBuildFile; fileRef = BFE4254F289F6BDA00FEFA49 /* InfoPreviewerView.swift */; };
		BFE42552289F755E00FEFA49 /* TextEditorView.swift in Sources */ = {isa = PBXBuildFile; fileRef = BFE42551289F755E00FEFA49 /* TextEditorView.swift */; };
		BFE42554289F87C800FEFA49 /* AddAccountView.swift in Sources */ = {isa = PBXBuildFile; fileRef = BFE42553289F87C800FEFA49 /* AddAccountView.swift */; };
		BFE42556289F9FBE00FEFA49 /* GameInfoBlockView.swift in Sources */ = {isa = PBXBuildFile; fileRef = BFE42555289F9FBE00FEFA49 /* GameInfoBlockView.swift */; };
		BFE42558289FA00B00FEFA49 /* RecoveryTimeTextView.swift in Sources */ = {isa = PBXBuildFile; fileRef = BFE42541289E520A00FEFA49 /* RecoveryTimeTextView.swift */; };
		BFE42559289FA04E00FEFA49 /* MainInfoWithDetailView.swift in Sources */ = {isa = PBXBuildFile; fileRef = BFE4253C289E507F00FEFA49 /* MainInfoWithDetailView.swift */; };
		BFE4255A289FA12C00FEFA49 /* MainInfoView.swift in Sources */ = {isa = PBXBuildFile; fileRef = BFE42538289E500F00FEFA49 /* MainInfoView.swift */; };
		BFE4255B289FA12F00FEFA49 /* DetailInfoView.swift in Sources */ = {isa = PBXBuildFile; fileRef = BFE4253A289E504C00FEFA49 /* DetailInfoView.swift */; };
		BFE4258628A0AC1600FEFA49 /* HelpSheetView.swift in Sources */ = {isa = PBXBuildFile; fileRef = BFE4258528A0AC1500FEFA49 /* HelpSheetView.swift */; };
		BFE4258828A0AE2700FEFA49 /* AboutView.swift in Sources */ = {isa = PBXBuildFile; fileRef = BFE4258728A0AE2700FEFA49 /* AboutView.swift */; };
		BFFD820E28A5F64800616CE1 /* BackgroundOptions.swift in Sources */ = {isa = PBXBuildFile; fileRef = BFFD820D28A5F64800616CE1 /* BackgroundOptions.swift */; };
		BFFD820F28A5F64800616CE1 /* BackgroundOptions.swift in Sources */ = {isa = PBXBuildFile; fileRef = BFFD820D28A5F64800616CE1 /* BackgroundOptions.swift */; };
		BFFD821028A5F64800616CE1 /* BackgroundOptions.swift in Sources */ = {isa = PBXBuildFile; fileRef = BFFD820D28A5F64800616CE1 /* BackgroundOptions.swift */; };
		BFFD821128A5F9A000616CE1 /* Assets.xcassets in Resources */ = {isa = PBXBuildFile; fileRef = EA30F99B2886B46C00AE7BEA /* Assets.xcassets */; };
		BFFD821228A5F9A100616CE1 /* Assets.xcassets in Resources */ = {isa = PBXBuildFile; fileRef = EA30F99B2886B46C00AE7BEA /* Assets.xcassets */; };
		BFFD822C28A650C300616CE1 /* AccountIntents.intentdefinition in Sources */ = {isa = PBXBuildFile; fileRef = BFFD823028A650C300616CE1 /* AccountIntents.intentdefinition */; };
		BFFD822D28A650C300616CE1 /* AccountIntents.intentdefinition in Sources */ = {isa = PBXBuildFile; fileRef = BFFD823028A650C300616CE1 /* AccountIntents.intentdefinition */; };
		BFFD822E28A650C300616CE1 /* AccountIntents.intentdefinition in Sources */ = {isa = PBXBuildFile; fileRef = BFFD823028A650C300616CE1 /* AccountIntents.intentdefinition */; };
		BFFD823228A651F500616CE1 /* RingProgressBarView.swift in Sources */ = {isa = PBXBuildFile; fileRef = BFFD823128A651F500616CE1 /* RingProgressBarView.swift */; };
		BFFD823328A651F500616CE1 /* RingProgressBarView.swift in Sources */ = {isa = PBXBuildFile; fileRef = BFFD823128A651F500616CE1 /* RingProgressBarView.swift */; };
		BFFD823428A651FA00616CE1 /* RingProgressBarView.swift in Sources */ = {isa = PBXBuildFile; fileRef = BFFD823128A651F500616CE1 /* RingProgressBarView.swift */; };
		BFFD823628A680E000616CE1 /* WebImageView.swift in Sources */ = {isa = PBXBuildFile; fileRef = BFFD823528A680E000616CE1 /* WebImageView.swift */; };
		BFFD823728A680E000616CE1 /* WebImageView.swift in Sources */ = {isa = PBXBuildFile; fileRef = BFFD823528A680E000616CE1 /* WebImageView.swift */; };
		BFFD823828A680E000616CE1 /* WebImageView.swift in Sources */ = {isa = PBXBuildFile; fileRef = BFFD823528A680E000616CE1 /* WebImageView.swift */; };
		BFFD823A28A73A5400616CE1 /* ReviewHandler.swift in Sources */ = {isa = PBXBuildFile; fileRef = BFFD823928A73A5400616CE1 /* ReviewHandler.swift */; };
		EA07C65628B11DB40030E338 /* NotificationSettingView.swift in Sources */ = {isa = PBXBuildFile; fileRef = EA07C65528B11DB40030E338 /* NotificationSettingView.swift */; };
		EA099FEB28A2AE660023B4AF /* StoreURL.swift in Sources */ = {isa = PBXBuildFile; fileRef = EA099FEA28A2AE660023B4AF /* StoreURL.swift */; };
		EA099FEC28A2AE660023B4AF /* StoreURL.swift in Sources */ = {isa = PBXBuildFile; fileRef = EA099FEA28A2AE660023B4AF /* StoreURL.swift */; };
		EA099FF528A2B7220023B4AF /* Intents.framework in Frameworks */ = {isa = PBXBuildFile; fileRef = EA099FF428A2B7220023B4AF /* Intents.framework */; };
		EA099FFC28A2B7220023B4AF /* AccountIntent.appex in Embed App Extensions */ = {isa = PBXBuildFile; fileRef = EA099FF328A2B7220023B4AF /* AccountIntent.appex */; settings = {ATTRIBUTES = (RemoveHeadersOnCopy, ); }; };
		EA09A00B28A2B8270023B4AF /* AccountConfiguration.xcdatamodeld in Sources */ = {isa = PBXBuildFile; fileRef = EAFB231E28A26C56006A8EDC /* AccountConfiguration.xcdatamodeld */; };
		EA09A00D28A2B8660023B4AF /* AccountConfigurationModel.swift in Sources */ = {isa = PBXBuildFile; fileRef = EAAF330928A277F90018EFAB /* AccountConfigurationModel.swift */; };
		EA09A00E28A2B8700023B4AF /* Account.swift in Sources */ = {isa = PBXBuildFile; fileRef = EAAF330E28A27AFE0018EFAB /* Account.swift */; };
		EA09A00F28A2B8A60023B4AF /* Error.swift in Sources */ = {isa = PBXBuildFile; fileRef = EA56E07628A26C0D00A64262 /* Error.swift */; };
		EA09A01028A2B8A70023B4AF /* RequestResult.swift in Sources */ = {isa = PBXBuildFile; fileRef = EA56E07728A26C0D00A64262 /* RequestResult.swift */; };
		EA09A01128A2B8A90023B4AF /* Result.swift in Sources */ = {isa = PBXBuildFile; fileRef = EA56E07828A26C0D00A64262 /* Result.swift */; };
		EA09A01228A2B8AA0023B4AF /* UserData.swift in Sources */ = {isa = PBXBuildFile; fileRef = EA56E07928A26C0D00A64262 /* UserData.swift */; };
		EA09A01328A2B8B00023B4AF /* ResinInfo.swift in Sources */ = {isa = PBXBuildFile; fileRef = EA56E07C28A26C0D00A64262 /* ResinInfo.swift */; };
		EA09A01428A2B8B20023B4AF /* ExpeditionInfo.swift in Sources */ = {isa = PBXBuildFile; fileRef = EA56E07D28A26C0D00A64262 /* ExpeditionInfo.swift */; };
		EA09A01528A2B8B30023B4AF /* WeeklyBossesInfo.swift in Sources */ = {isa = PBXBuildFile; fileRef = EA56E07E28A26C0D00A64262 /* WeeklyBossesInfo.swift */; };
		EA09A01628A2B8B50023B4AF /* DailyTaskInfo.swift in Sources */ = {isa = PBXBuildFile; fileRef = EA56E08028A26C0D00A64262 /* DailyTaskInfo.swift */; };
		EA09A01728A2B8B60023B4AF /* TransformerInfo.swift in Sources */ = {isa = PBXBuildFile; fileRef = EA56E08128A26C0D00A64262 /* TransformerInfo.swift */; };
		EA09A01828A2B8B80023B4AF /* RecoveryTime.swift in Sources */ = {isa = PBXBuildFile; fileRef = EA56E08228A26C0D00A64262 /* RecoveryTime.swift */; };
		EA09A01928A2B8B90023B4AF /* HomeCoinInfo.swift in Sources */ = {isa = PBXBuildFile; fileRef = EA56E08328A26C0D00A64262 /* HomeCoinInfo.swift */; };
		EA09A01A28A2B8BD0023B4AF /* TransformerData.swift in Sources */ = {isa = PBXBuildFile; fileRef = EA56E08528A26C0D00A64262 /* TransformerData.swift */; };
		EA09A01B28A2B8D30023B4AF /* Servers.swift in Sources */ = {isa = PBXBuildFile; fileRef = BF6C5274289E137200EA224F /* Servers.swift */; };
		EA09A01C28A2B8E50023B4AF /* HttpMethod.swift in Sources */ = {isa = PBXBuildFile; fileRef = BF6C527A289E168A00EA224F /* HttpMethod.swift */; };
		EA09A01D28A2B8E70023B4AF /* FeatureAPI.swift in Sources */ = {isa = PBXBuildFile; fileRef = BFE42534289E203A00FEFA49 /* FeatureAPI.swift */; };
		EA09A01E28A2B8E80023B4AF /* ErrorCodeHandler.swift in Sources */ = {isa = PBXBuildFile; fileRef = EA75DD0428A09EC80099E70A /* ErrorCodeHandler.swift */; };
		EA09A01F28A2B8F40023B4AF /* NetworkReachability.swift in Sources */ = {isa = PBXBuildFile; fileRef = BF6C5277289E153400EA224F /* NetworkReachability.swift */; };
		EA09A02028A2B8F50023B4AF /* md5.swift in Sources */ = {isa = PBXBuildFile; fileRef = BF6C5271289E12DA00EA224F /* md5.swift */; };
		EA09A02128A2B8F70023B4AF /* StoreURL.swift in Sources */ = {isa = PBXBuildFile; fileRef = EA099FEA28A2AE660023B4AF /* StoreURL.swift */; };
		EA09A02228A2B8F80023B4AF /* TimeTools.swift in Sources */ = {isa = PBXBuildFile; fileRef = BFE42543289E523D00FEFA49 /* TimeTools.swift */; };
		EA09A02528A2C2E60023B4AF /* IntentHandler.swift in Sources */ = {isa = PBXBuildFile; fileRef = EA09A02428A2C2E60023B4AF /* IntentHandler.swift */; };
		EA09A02628A2C2E60023B4AF /* IntentHandler.swift in Sources */ = {isa = PBXBuildFile; fileRef = EA09A02428A2C2E60023B4AF /* IntentHandler.swift */; };
		EA09A02728A2C45E0023B4AF /* WedgetProvider.swift in Sources */ = {isa = PBXBuildFile; fileRef = EA30F9B42886B4C800AE7BEA /* WedgetProvider.swift */; };
		EA2FF0DA28B017F40050C016 /* NotificationCenter.swift in Sources */ = {isa = PBXBuildFile; fileRef = EA7F9C6E28AFF9B300DEAFEB /* NotificationCenter.swift */; };
		EA2FF0E928B093AE0050C016 /* 每日任务.png in Resources */ = {isa = PBXBuildFile; fileRef = EA2FF0E828B093AE0050C016 /* 每日任务.png */; };
		EA30F99C2886B46C00AE7BEA /* Assets.xcassets in Resources */ = {isa = PBXBuildFile; fileRef = EA30F99B2886B46C00AE7BEA /* Assets.xcassets */; };
		EA30F9A42886B49200AE7BEA /* WidgetKit.framework in Frameworks */ = {isa = PBXBuildFile; fileRef = EA30F9A32886B49200AE7BEA /* WidgetKit.framework */; };
		EA30F9A62886B49200AE7BEA /* SwiftUI.framework in Frameworks */ = {isa = PBXBuildFile; fileRef = EA30F9A52886B49200AE7BEA /* SwiftUI.framework */; };
		EA30F9A92886B49200AE7BEA /* ResinStatusWidget.swift in Sources */ = {isa = PBXBuildFile; fileRef = EA30F9A82886B49200AE7BEA /* ResinStatusWidget.swift */; };
		EA30F9AF2886B49300AE7BEA /* ResinStatusWidgetExtension.appex in Embed App Extensions */ = {isa = PBXBuildFile; fileRef = EA30F9A12886B49200AE7BEA /* ResinStatusWidgetExtension.appex */; settings = {ATTRIBUTES = (RemoveHeadersOnCopy, ); }; };
		EA40C45328A7A16E00888828 /* CloudKit.framework in Frameworks */ = {isa = PBXBuildFile; fileRef = EAE326C528A79A0C0009908E /* CloudKit.framework */; };
		EA40C45428A7A19000888828 /* CloudKit.framework in Frameworks */ = {isa = PBXBuildFile; fileRef = EAE326C528A79A0C0009908E /* CloudKit.framework */; };
		EA47FEB728AF459300B7FCFF /* AddAccountDetailView.swift in Sources */ = {isa = PBXBuildFile; fileRef = EA47FEB628AF459300B7FCFF /* AddAccountDetailView.swift */; };
		EA56E08628A26C0D00A64262 /* Error.swift in Sources */ = {isa = PBXBuildFile; fileRef = EA56E07628A26C0D00A64262 /* Error.swift */; };
		EA56E08728A26C0D00A64262 /* Error.swift in Sources */ = {isa = PBXBuildFile; fileRef = EA56E07628A26C0D00A64262 /* Error.swift */; };
		EA56E08828A26C0D00A64262 /* RequestResult.swift in Sources */ = {isa = PBXBuildFile; fileRef = EA56E07728A26C0D00A64262 /* RequestResult.swift */; };
		EA56E08928A26C0D00A64262 /* RequestResult.swift in Sources */ = {isa = PBXBuildFile; fileRef = EA56E07728A26C0D00A64262 /* RequestResult.swift */; };
		EA56E08A28A26C0D00A64262 /* Result.swift in Sources */ = {isa = PBXBuildFile; fileRef = EA56E07828A26C0D00A64262 /* Result.swift */; };
		EA56E08B28A26C0D00A64262 /* Result.swift in Sources */ = {isa = PBXBuildFile; fileRef = EA56E07828A26C0D00A64262 /* Result.swift */; };
		EA56E08C28A26C0D00A64262 /* UserData.swift in Sources */ = {isa = PBXBuildFile; fileRef = EA56E07928A26C0D00A64262 /* UserData.swift */; };
		EA56E08D28A26C0D00A64262 /* UserData.swift in Sources */ = {isa = PBXBuildFile; fileRef = EA56E07928A26C0D00A64262 /* UserData.swift */; };
		EA56E09028A26C0D00A64262 /* ResinInfo.swift in Sources */ = {isa = PBXBuildFile; fileRef = EA56E07C28A26C0D00A64262 /* ResinInfo.swift */; };
		EA56E09128A26C0D00A64262 /* ResinInfo.swift in Sources */ = {isa = PBXBuildFile; fileRef = EA56E07C28A26C0D00A64262 /* ResinInfo.swift */; };
		EA56E09228A26C0D00A64262 /* ExpeditionInfo.swift in Sources */ = {isa = PBXBuildFile; fileRef = EA56E07D28A26C0D00A64262 /* ExpeditionInfo.swift */; };
		EA56E09328A26C0D00A64262 /* ExpeditionInfo.swift in Sources */ = {isa = PBXBuildFile; fileRef = EA56E07D28A26C0D00A64262 /* ExpeditionInfo.swift */; };
		EA56E09428A26C0D00A64262 /* WeeklyBossesInfo.swift in Sources */ = {isa = PBXBuildFile; fileRef = EA56E07E28A26C0D00A64262 /* WeeklyBossesInfo.swift */; };
		EA56E09528A26C0D00A64262 /* WeeklyBossesInfo.swift in Sources */ = {isa = PBXBuildFile; fileRef = EA56E07E28A26C0D00A64262 /* WeeklyBossesInfo.swift */; };
		EA56E09828A26C0D00A64262 /* DailyTaskInfo.swift in Sources */ = {isa = PBXBuildFile; fileRef = EA56E08028A26C0D00A64262 /* DailyTaskInfo.swift */; };
		EA56E09928A26C0D00A64262 /* DailyTaskInfo.swift in Sources */ = {isa = PBXBuildFile; fileRef = EA56E08028A26C0D00A64262 /* DailyTaskInfo.swift */; };
		EA56E09A28A26C0D00A64262 /* TransformerInfo.swift in Sources */ = {isa = PBXBuildFile; fileRef = EA56E08128A26C0D00A64262 /* TransformerInfo.swift */; };
		EA56E09B28A26C0D00A64262 /* TransformerInfo.swift in Sources */ = {isa = PBXBuildFile; fileRef = EA56E08128A26C0D00A64262 /* TransformerInfo.swift */; };
		EA56E09C28A26C0D00A64262 /* RecoveryTime.swift in Sources */ = {isa = PBXBuildFile; fileRef = EA56E08228A26C0D00A64262 /* RecoveryTime.swift */; };
		EA56E09D28A26C0D00A64262 /* RecoveryTime.swift in Sources */ = {isa = PBXBuildFile; fileRef = EA56E08228A26C0D00A64262 /* RecoveryTime.swift */; };
		EA56E09E28A26C0D00A64262 /* HomeCoinInfo.swift in Sources */ = {isa = PBXBuildFile; fileRef = EA56E08328A26C0D00A64262 /* HomeCoinInfo.swift */; };
		EA56E09F28A26C0D00A64262 /* HomeCoinInfo.swift in Sources */ = {isa = PBXBuildFile; fileRef = EA56E08328A26C0D00A64262 /* HomeCoinInfo.swift */; };
		EA56E0A028A26C0D00A64262 /* TransformerData.swift in Sources */ = {isa = PBXBuildFile; fileRef = EA56E08528A26C0D00A64262 /* TransformerData.swift */; };
		EA56E0A128A26C0D00A64262 /* TransformerData.swift in Sources */ = {isa = PBXBuildFile; fileRef = EA56E08528A26C0D00A64262 /* TransformerData.swift */; };
		EA6829DC28A2523800E57462 /* .gitignore in Resources */ = {isa = PBXBuildFile; fileRef = EA6829DB28A2523800E57462 /* .gitignore */; };
		EA709DD928AA0B2F00274425 /* IntentHandler.swift in Sources */ = {isa = PBXBuildFile; fileRef = EA09A02428A2C2E60023B4AF /* IntentHandler.swift */; };
		EA75DD0528A09EC80099E70A /* ErrorCodeHandler.swift in Sources */ = {isa = PBXBuildFile; fileRef = EA75DD0428A09EC80099E70A /* ErrorCodeHandler.swift */; };
		EA75DD0628A09EC80099E70A /* ErrorCodeHandler.swift in Sources */ = {isa = PBXBuildFile; fileRef = EA75DD0428A09EC80099E70A /* ErrorCodeHandler.swift */; };
		EA75DD0728A0B1250099E70A /* WidgetMainView.swift in Sources */ = {isa = PBXBuildFile; fileRef = EAF43C9428A0163A00D89787 /* WidgetMainView.swift */; };
		EA75DD0828A0B1260099E70A /* WidgetErrorView.swift in Sources */ = {isa = PBXBuildFile; fileRef = EAF43C9628A0166100D89787 /* WidgetErrorView.swift */; };
		EA75DD0A28A0BF450099E70A /* TestSectionView.swift in Sources */ = {isa = PBXBuildFile; fileRef = EA75DD0928A0BF450099E70A /* TestSectionView.swift */; };
		EA75DD0C28A0C0200099E70A /* InfoPreviewerView.swift in Sources */ = {isa = PBXBuildFile; fileRef = BFE4254F289F6BDA00FEFA49 /* InfoPreviewerView.swift */; };
		EA79FDC328AB4DF800B50D6F /* GetCookieWebView.swift in Sources */ = {isa = PBXBuildFile; fileRef = EA79FDC228AB4DF800B50D6F /* GetCookieWebView.swift */; };
		EA79FDC528AB83B600B50D6F /* OptionalAccounts.swift in Sources */ = {isa = PBXBuildFile; fileRef = EA79FDC428AB83B600B50D6F /* OptionalAccounts.swift */; };
		EA79FDC628AB84F500B50D6F /* OptionalAccounts.swift in Sources */ = {isa = PBXBuildFile; fileRef = EA79FDC428AB83B600B50D6F /* OptionalAccounts.swift */; };
		EA79FDC728AB84F600B50D6F /* OptionalAccounts.swift in Sources */ = {isa = PBXBuildFile; fileRef = EA79FDC428AB83B600B50D6F /* OptionalAccounts.swift */; };
		EA79FDC928AB9A5600B50D6F /* AccountDetailView copy.swift in Sources */ = {isa = PBXBuildFile; fileRef = EA79FDC828AB9A5600B50D6F /* AccountDetailView copy.swift */; };
		EA7F67CA289D711200D2CE29 /* README.md in Resources */ = {isa = PBXBuildFile; fileRef = EA7F67C9289D711200D2CE29 /* README.md */; };
		EA7F9C6F28AFF9B300DEAFEB /* NotificationCenter.swift in Sources */ = {isa = PBXBuildFile; fileRef = EA7F9C6E28AFF9B300DEAFEB /* NotificationCenter.swift */; };
		EA7F9C7028B0172D00DEAFEB /* NotificationCenter.swift in Sources */ = {isa = PBXBuildFile; fileRef = EA7F9C6E28AFF9B300DEAFEB /* NotificationCenter.swift */; };
		EA94CD0D28A5F7BB00F0C3AC /* WeeklyBossesInfoBar.swift in Sources */ = {isa = PBXBuildFile; fileRef = EA94CD0C28A5F7BB00F0C3AC /* WeeklyBossesInfoBar.swift */; };
		EA94CD0E28A5F7BB00F0C3AC /* WeeklyBossesInfoBar.swift in Sources */ = {isa = PBXBuildFile; fileRef = EA94CD0C28A5F7BB00F0C3AC /* WeeklyBossesInfoBar.swift */; };
		EAAF330A28A277F90018EFAB /* AccountConfigurationModel.swift in Sources */ = {isa = PBXBuildFile; fileRef = EAAF330928A277F90018EFAB /* AccountConfigurationModel.swift */; };
		EAAF330B28A2798B0018EFAB /* AccountConfigurationModel.swift in Sources */ = {isa = PBXBuildFile; fileRef = EAAF330928A277F90018EFAB /* AccountConfigurationModel.swift */; };
		EAAF330C28A27ACF0018EFAB /* ViewModel.swift in Sources */ = {isa = PBXBuildFile; fileRef = EABD7DC72886B2DA00B7F0FD /* ViewModel.swift */; };
		EAAF330F28A27AFE0018EFAB /* Account.swift in Sources */ = {isa = PBXBuildFile; fileRef = EAAF330E28A27AFE0018EFAB /* Account.swift */; };
		EAAF331028A27B080018EFAB /* Account.swift in Sources */ = {isa = PBXBuildFile; fileRef = EAAF330E28A27AFE0018EFAB /* Account.swift */; };
		EABD7DBA2886B2D200B7F0FD /* GenshinPizzaHeplerApp.swift in Sources */ = {isa = PBXBuildFile; fileRef = EABD7DB92886B2D200B7F0FD /* GenshinPizzaHeplerApp.swift */; };
		EABD7DC12886B2D300B7F0FD /* Preview Assets.xcassets in Resources */ = {isa = PBXBuildFile; fileRef = EABD7DC02886B2D300B7F0FD /* Preview Assets.xcassets */; };
		EABD7DC82886B2DA00B7F0FD /* ViewModel.swift in Sources */ = {isa = PBXBuildFile; fileRef = EABD7DC72886B2DA00B7F0FD /* ViewModel.swift */; };
		EABD7DCD2886B3D700B7F0FD /* icon.png in Resources */ = {isa = PBXBuildFile; fileRef = EABD7DCC2886B3D700B7F0FD /* icon.png */; };
		EADCC0A828A518F000358B5E /* WidgetViewConfiguration.swift in Sources */ = {isa = PBXBuildFile; fileRef = EADCC0A628A516BC00358B5E /* WidgetViewConfiguration.swift */; };
		EADCC0AB28A51A2500358B5E /* WidgetViewConfiguration.swift in Sources */ = {isa = PBXBuildFile; fileRef = EADCC0A628A516BC00358B5E /* WidgetViewConfiguration.swift */; };
		EADCC0AC28A52BD800358B5E /* WidgetViewConfiguration.swift in Sources */ = {isa = PBXBuildFile; fileRef = EADCC0A628A516BC00358B5E /* WidgetViewConfiguration.swift */; };
		EAE326C628A79A0C0009908E /* CloudKit.framework in Frameworks */ = {isa = PBXBuildFile; fileRef = EAE326C528A79A0C0009908E /* CloudKit.framework */; };
		EAEC41E228B096170056D182 /* 每日任务.png in Resources */ = {isa = PBXBuildFile; fileRef = EA2FF0E828B093AE0050C016 /* 每日任务.png */; };
		EAEC41E328B096180056D182 /* 每日任务.png in Resources */ = {isa = PBXBuildFile; fileRef = EA2FF0E828B093AE0050C016 /* 每日任务.png */; };
		EAEC41F728B0994C0056D182 /* 参量质变仪.png in Resources */ = {isa = PBXBuildFile; fileRef = EAEC41F328B0994C0056D182 /* 参量质变仪.png */; };
		EAEC41F828B0994C0056D182 /* 参量质变仪.png in Resources */ = {isa = PBXBuildFile; fileRef = EAEC41F328B0994C0056D182 /* 参量质变仪.png */; };
		EAEC41F928B0994C0056D182 /* 参量质变仪.png in Resources */ = {isa = PBXBuildFile; fileRef = EAEC41F328B0994C0056D182 /* 参量质变仪.png */; };
		EAEC41FA28B0994C0056D182 /* 树脂.png in Resources */ = {isa = PBXBuildFile; fileRef = EAEC41F428B0994C0056D182 /* 树脂.png */; };
		EAEC41FB28B0994C0056D182 /* 树脂.png in Resources */ = {isa = PBXBuildFile; fileRef = EAEC41F428B0994C0056D182 /* 树脂.png */; };
		EAEC41FC28B0994C0056D182 /* 树脂.png in Resources */ = {isa = PBXBuildFile; fileRef = EAEC41F428B0994C0056D182 /* 树脂.png */; };
		EAEC41FD28B0994C0056D182 /* 周本.png in Resources */ = {isa = PBXBuildFile; fileRef = EAEC41F528B0994C0056D182 /* 周本.png */; };
		EAEC41FE28B0994C0056D182 /* 周本.png in Resources */ = {isa = PBXBuildFile; fileRef = EAEC41F528B0994C0056D182 /* 周本.png */; };
		EAEC41FF28B0994C0056D182 /* 周本.png in Resources */ = {isa = PBXBuildFile; fileRef = EAEC41F528B0994C0056D182 /* 周本.png */; };
		EAEC420028B0994C0056D182 /* 洞天宝钱.png in Resources */ = {isa = PBXBuildFile; fileRef = EAEC41F628B0994C0056D182 /* 洞天宝钱.png */; };
		EAEC420128B0994C0056D182 /* 洞天宝钱.png in Resources */ = {isa = PBXBuildFile; fileRef = EAEC41F628B0994C0056D182 /* 洞天宝钱.png */; };
		EAEC420228B0994C0056D182 /* 洞天宝钱.png in Resources */ = {isa = PBXBuildFile; fileRef = EAEC41F628B0994C0056D182 /* 洞天宝钱.png */; };
		EAF43C8528A0121100D89787 /* HomeCoinInfoBar.swift in Sources */ = {isa = PBXBuildFile; fileRef = EAF43C8428A0121100D89787 /* HomeCoinInfoBar.swift */; };
		EAF43C8728A0132B00D89787 /* ExpeditionInfoBar.swift in Sources */ = {isa = PBXBuildFile; fileRef = EAF43C8628A0132B00D89787 /* ExpeditionInfoBar.swift */; };
		EAF43C8928A013CE00D89787 /* DailyTaskInfoBar.swift in Sources */ = {isa = PBXBuildFile; fileRef = EAF43C8828A013CE00D89787 /* DailyTaskInfoBar.swift */; };
		EAF43C8B28A0144900D89787 /* TransformerInfoBar.swift in Sources */ = {isa = PBXBuildFile; fileRef = EAF43C8A28A0144900D89787 /* TransformerInfoBar.swift */; };
		EAF43C8C28A0150200D89787 /* HomeCoinInfoBar.swift in Sources */ = {isa = PBXBuildFile; fileRef = EAF43C8428A0121100D89787 /* HomeCoinInfoBar.swift */; };
		EAF43C8D28A0150400D89787 /* ExpeditionInfoBar.swift in Sources */ = {isa = PBXBuildFile; fileRef = EAF43C8628A0132B00D89787 /* ExpeditionInfoBar.swift */; };
		EAF43C8E28A0150600D89787 /* DailyTaskInfoBar.swift in Sources */ = {isa = PBXBuildFile; fileRef = EAF43C8828A013CE00D89787 /* DailyTaskInfoBar.swift */; };
		EAF43C8F28A0150800D89787 /* TransformerInfoBar.swift in Sources */ = {isa = PBXBuildFile; fileRef = EAF43C8A28A0144900D89787 /* TransformerInfoBar.swift */; };
		EAF43C9228A0161C00D89787 /* WidgetBackgroundView.swift in Sources */ = {isa = PBXBuildFile; fileRef = EAF43C9028A0160800D89787 /* WidgetBackgroundView.swift */; };
		EAF43C9328A0161D00D89787 /* WidgetBackgroundView.swift in Sources */ = {isa = PBXBuildFile; fileRef = EAF43C9028A0160800D89787 /* WidgetBackgroundView.swift */; };
		EAF43C9528A0163A00D89787 /* WidgetMainView.swift in Sources */ = {isa = PBXBuildFile; fileRef = EAF43C9428A0163A00D89787 /* WidgetMainView.swift */; };
		EAF43C9728A0166100D89787 /* WidgetErrorView.swift in Sources */ = {isa = PBXBuildFile; fileRef = EAF43C9628A0166100D89787 /* WidgetErrorView.swift */; };
		EAFB232028A26C80006A8EDC /* AccountConfiguration.xcdatamodeld in Sources */ = {isa = PBXBuildFile; fileRef = EAFB231E28A26C56006A8EDC /* AccountConfiguration.xcdatamodeld */; };
		EAFB232128A26C81006A8EDC /* AccountConfiguration.xcdatamodeld in Sources */ = {isa = PBXBuildFile; fileRef = EAFB231E28A26C56006A8EDC /* AccountConfiguration.xcdatamodeld */; };
		EAFB771628B256E300314974 /* NotificationSettingNavigator.swift in Sources */ = {isa = PBXBuildFile; fileRef = EAFB771528B256E300314974 /* NotificationSettingNavigator.swift */; };
		EAFC5CCD28B4EFC600770BBB /* ShareSheet.swift in Sources */ = {isa = PBXBuildFile; fileRef = EAFC5CCC28B4EFC600770BBB /* ShareSheet.swift */; };
/* End PBXBuildFile section */

/* Begin PBXContainerItemProxy section */
		EA099FFA28A2B7220023B4AF /* PBXContainerItemProxy */ = {
			isa = PBXContainerItemProxy;
			containerPortal = EABD7DAE2886B2D200B7F0FD /* Project object */;
			proxyType = 1;
			remoteGlobalIDString = EA099FF228A2B7220023B4AF;
			remoteInfo = AccountIntent;
		};
		EA30F9AD2886B49300AE7BEA /* PBXContainerItemProxy */ = {
			isa = PBXContainerItemProxy;
			containerPortal = EABD7DAE2886B2D200B7F0FD /* Project object */;
			proxyType = 1;
			remoteGlobalIDString = EA30F9A02886B49200AE7BEA;
			remoteInfo = ResinStatusWidgetExtension;
		};
/* End PBXContainerItemProxy section */

/* Begin PBXCopyFilesBuildPhase section */
		EA30F9B32886B49300AE7BEA /* Embed App Extensions */ = {
			isa = PBXCopyFilesBuildPhase;
			buildActionMask = 2147483647;
			dstPath = "";
			dstSubfolderSpec = 13;
			files = (
				EA099FFC28A2B7220023B4AF /* AccountIntent.appex in Embed App Extensions */,
				EA30F9AF2886B49300AE7BEA /* ResinStatusWidgetExtension.appex in Embed App Extensions */,
			);
			name = "Embed App Extensions";
			runOnlyForDeploymentPostprocessing = 0;
		};
/* End PBXCopyFilesBuildPhase section */

/* Begin PBXFileReference section */
		BF068BD428A335F9002E7334 /* WebViews.swift */ = {isa = PBXFileReference; lastKnownFileType = sourcecode.swift; path = WebViews.swift; sourceTree = "<group>"; };
		BF068BD628A343C5002E7334 /* AutoSheetDismiss.swift */ = {isa = PBXFileReference; lastKnownFileType = sourcecode.swift; path = AutoSheetDismiss.swift; sourceTree = "<group>"; };
		BF6C525A289E02B600EA224F /* ios.yml */ = {isa = PBXFileReference; lastKnownFileType = text.yaml; path = ios.yml; sourceTree = "<group>"; };
		BF6C5271289E12DA00EA224F /* md5.swift */ = {isa = PBXFileReference; lastKnownFileType = sourcecode.swift; path = md5.swift; sourceTree = "<group>"; };
		BF6C5274289E137200EA224F /* Servers.swift */ = {isa = PBXFileReference; lastKnownFileType = sourcecode.swift; path = Servers.swift; sourceTree = "<group>"; };
		BF6C5277289E153400EA224F /* NetworkReachability.swift */ = {isa = PBXFileReference; lastKnownFileType = sourcecode.swift; path = NetworkReachability.swift; sourceTree = "<group>"; };
		BF6C527A289E168A00EA224F /* HttpMethod.swift */ = {isa = PBXFileReference; lastKnownFileType = sourcecode.swift; path = HttpMethod.swift; sourceTree = "<group>"; };
		BF70210628B33D8300A6BBA9 /* AppDelegate.swift */ = {isa = PBXFileReference; lastKnownFileType = sourcecode.swift; path = AppDelegate.swift; sourceTree = "<group>"; };
		BF70210828B3909F00A6BBA9 /* ContentView.swift */ = {isa = PBXFileReference; lastKnownFileType = sourcecode.swift; path = ContentView.swift; sourceTree = "<group>"; };
		BF70210A28B3910800A6BBA9 /* HomeView.swift */ = {isa = PBXFileReference; lastKnownFileType = sourcecode.swift; path = HomeView.swift; sourceTree = "<group>"; };
		BF70210C28B3967A00A6BBA9 /* TapticSupport.swift */ = {isa = PBXFileReference; lastKnownFileType = sourcecode.swift; path = TapticSupport.swift; sourceTree = "<group>"; };
		BF70210E28B396B900A6BBA9 /* DeviceRecognizer.swift */ = {isa = PBXFileReference; lastKnownFileType = sourcecode.swift; path = DeviceRecognizer.swift; sourceTree = "<group>"; };
		BF70211228B39E7600A6BBA9 /* AppBlockBackgroundView.swift */ = {isa = PBXFileReference; lastKnownFileType = sourcecode.swift; path = AppBlockBackgroundView.swift; sourceTree = "<group>"; };
		BF70211428B3AACC00A6BBA9 /* AccountDisplayView.swift */ = {isa = PBXFileReference; lastKnownFileType = sourcecode.swift; path = AccountDisplayView.swift; sourceTree = "<group>"; };
		BF70211628B3AB6300A6BBA9 /* DisplayContentModel.swift */ = {isa = PBXFileReference; lastKnownFileType = sourcecode.swift; path = DisplayContentModel.swift; sourceTree = "<group>"; };
		BF70211828B4863000A6BBA9 /* BackgroundsPreviewView.swift */ = {isa = PBXFileReference; fileEncoding = 4; lastKnownFileType = sourcecode.swift; path = BackgroundsPreviewView.swift; sourceTree = "<group>"; };
		BF70211B28B4B52500A6BBA9 /* ViewTools.swift */ = {isa = PBXFileReference; lastKnownFileType = sourcecode.swift; path = ViewTools.swift; sourceTree = "<group>"; };
		BF70212F28B50D7800A6BBA9 /* en */ = {isa = PBXFileReference; lastKnownFileType = text.plist.strings; name = en; path = en.lproj/Localizable.strings; sourceTree = "<group>"; };
		BFE42534289E203A00FEFA49 /* FeatureAPI.swift */ = {isa = PBXFileReference; lastKnownFileType = sourcecode.swift; path = FeatureAPI.swift; sourceTree = "<group>"; };
		BFE42538289E500F00FEFA49 /* MainInfoView.swift */ = {isa = PBXFileReference; lastKnownFileType = sourcecode.swift; path = MainInfoView.swift; sourceTree = "<group>"; };
		BFE4253A289E504C00FEFA49 /* DetailInfoView.swift */ = {isa = PBXFileReference; lastKnownFileType = sourcecode.swift; path = DetailInfoView.swift; sourceTree = "<group>"; };
		BFE4253C289E507F00FEFA49 /* MainInfoWithDetailView.swift */ = {isa = PBXFileReference; lastKnownFileType = sourcecode.swift; path = MainInfoWithDetailView.swift; sourceTree = "<group>"; };
		BFE42541289E520A00FEFA49 /* RecoveryTimeTextView.swift */ = {isa = PBXFileReference; lastKnownFileType = sourcecode.swift; path = RecoveryTimeTextView.swift; sourceTree = "<group>"; };
		BFE42543289E523D00FEFA49 /* TimeTools.swift */ = {isa = PBXFileReference; lastKnownFileType = sourcecode.swift; path = TimeTools.swift; sourceTree = "<group>"; };
		BFE42546289E987800FEFA49 /* TextPlayerView.swift */ = {isa = PBXFileReference; lastKnownFileType = sourcecode.swift; path = TextPlayerView.swift; sourceTree = "<group>"; };
		BFE42548289F66CE00FEFA49 /* AccountInfoView.swift */ = {isa = PBXFileReference; lastKnownFileType = sourcecode.swift; path = AccountInfoView.swift; sourceTree = "<group>"; };
		BFE4254A289F67F600FEFA49 /* SettingsView.swift */ = {isa = PBXFileReference; lastKnownFileType = sourcecode.swift; path = SettingsView.swift; sourceTree = "<group>"; };
		BFE4254C289F6ACE00FEFA49 /* AccountDetailView.swift */ = {isa = PBXFileReference; lastKnownFileType = sourcecode.swift; path = AccountDetailView.swift; sourceTree = "<group>"; };
		BFE4254F289F6BDA00FEFA49 /* InfoPreviewerView.swift */ = {isa = PBXFileReference; lastKnownFileType = sourcecode.swift; path = InfoPreviewerView.swift; sourceTree = "<group>"; };
		BFE42551289F755E00FEFA49 /* TextEditorView.swift */ = {isa = PBXFileReference; lastKnownFileType = sourcecode.swift; path = TextEditorView.swift; sourceTree = "<group>"; };
		BFE42553289F87C800FEFA49 /* AddAccountView.swift */ = {isa = PBXFileReference; lastKnownFileType = sourcecode.swift; path = AddAccountView.swift; sourceTree = "<group>"; };
		BFE42555289F9FBE00FEFA49 /* GameInfoBlockView.swift */ = {isa = PBXFileReference; lastKnownFileType = sourcecode.swift; path = GameInfoBlockView.swift; sourceTree = "<group>"; };
		BFE4258528A0AC1500FEFA49 /* HelpSheetView.swift */ = {isa = PBXFileReference; lastKnownFileType = sourcecode.swift; path = HelpSheetView.swift; sourceTree = "<group>"; };
		BFE4258728A0AE2700FEFA49 /* AboutView.swift */ = {isa = PBXFileReference; lastKnownFileType = sourcecode.swift; path = AboutView.swift; sourceTree = "<group>"; };
		BFFD820D28A5F64800616CE1 /* BackgroundOptions.swift */ = {isa = PBXFileReference; lastKnownFileType = sourcecode.swift; path = BackgroundOptions.swift; sourceTree = "<group>"; };
		BFFD822F28A650C300616CE1 /* zh-Hans */ = {isa = PBXFileReference; lastKnownFileType = file.intentdefinition; name = "zh-Hans"; path = "zh-Hans.lproj/AccountIntents.intentdefinition"; sourceTree = "<group>"; };
		BFFD823128A651F500616CE1 /* RingProgressBarView.swift */ = {isa = PBXFileReference; lastKnownFileType = sourcecode.swift; path = RingProgressBarView.swift; sourceTree = "<group>"; };
		BFFD823528A680E000616CE1 /* WebImageView.swift */ = {isa = PBXFileReference; lastKnownFileType = sourcecode.swift; path = WebImageView.swift; sourceTree = "<group>"; };
		BFFD823928A73A5400616CE1 /* ReviewHandler.swift */ = {isa = PBXFileReference; lastKnownFileType = sourcecode.swift; path = ReviewHandler.swift; sourceTree = "<group>"; };
		EA07C65528B11DB40030E338 /* NotificationSettingView.swift */ = {isa = PBXFileReference; lastKnownFileType = sourcecode.swift; path = NotificationSettingView.swift; sourceTree = "<group>"; };
		EA099FEA28A2AE660023B4AF /* StoreURL.swift */ = {isa = PBXFileReference; lastKnownFileType = sourcecode.swift; path = StoreURL.swift; sourceTree = "<group>"; };
		EA099FF328A2B7220023B4AF /* AccountIntent.appex */ = {isa = PBXFileReference; explicitFileType = "wrapper.app-extension"; includeInIndex = 0; path = AccountIntent.appex; sourceTree = BUILT_PRODUCTS_DIR; };
		EA099FF428A2B7220023B4AF /* Intents.framework */ = {isa = PBXFileReference; lastKnownFileType = wrapper.framework; name = Intents.framework; path = System/Library/Frameworks/Intents.framework; sourceTree = SDKROOT; };
		EA099FF928A2B7220023B4AF /* Info.plist */ = {isa = PBXFileReference; lastKnownFileType = text.plist.xml; path = Info.plist; sourceTree = "<group>"; };
		EA09A02328A2BA820023B4AF /* AccountIntent.entitlements */ = {isa = PBXFileReference; lastKnownFileType = text.plist.entitlements; path = AccountIntent.entitlements; sourceTree = "<group>"; };
		EA09A02428A2C2E60023B4AF /* IntentHandler.swift */ = {isa = PBXFileReference; fileEncoding = 4; lastKnownFileType = sourcecode.swift; path = IntentHandler.swift; sourceTree = "<group>"; };
		EA0F91D82886B58800AE7A62 /* Assets(Abandoned).xcassets */ = {isa = PBXFileReference; lastKnownFileType = folder.assetcatalog; path = "Assets(Abandoned).xcassets"; sourceTree = "<group>"; };
		EA0F91DA2886B5F900AE7A62 /* ResinStatusWidgetExtension.entitlements */ = {isa = PBXFileReference; lastKnownFileType = text.plist.entitlements; path = ResinStatusWidgetExtension.entitlements; sourceTree = "<group>"; };
		EA0F91DB2886B60700AE7A62 /* GenshinPizzaHepler.entitlements */ = {isa = PBXFileReference; lastKnownFileType = text.plist.entitlements; path = GenshinPizzaHepler.entitlements; sourceTree = "<group>"; };
		EA1B76762886B89F007A5216 /* Info.plist */ = {isa = PBXFileReference; lastKnownFileType = text.plist; path = Info.plist; sourceTree = "<group>"; };
		EA2FF0E828B093AE0050C016 /* 每日任务.png */ = {isa = PBXFileReference; lastKnownFileType = image.png; path = "每日任务.png"; sourceTree = "<group>"; };
		EA30F99B2886B46C00AE7BEA /* Assets.xcassets */ = {isa = PBXFileReference; lastKnownFileType = folder.assetcatalog; path = Assets.xcassets; sourceTree = "<group>"; };
		EA30F9A12886B49200AE7BEA /* ResinStatusWidgetExtension.appex */ = {isa = PBXFileReference; explicitFileType = "wrapper.app-extension"; includeInIndex = 0; path = ResinStatusWidgetExtension.appex; sourceTree = BUILT_PRODUCTS_DIR; };
		EA30F9A32886B49200AE7BEA /* WidgetKit.framework */ = {isa = PBXFileReference; lastKnownFileType = wrapper.framework; name = WidgetKit.framework; path = System/Library/Frameworks/WidgetKit.framework; sourceTree = SDKROOT; };
		EA30F9A52886B49200AE7BEA /* SwiftUI.framework */ = {isa = PBXFileReference; lastKnownFileType = wrapper.framework; name = SwiftUI.framework; path = System/Library/Frameworks/SwiftUI.framework; sourceTree = SDKROOT; };
		EA30F9A82886B49200AE7BEA /* ResinStatusWidget.swift */ = {isa = PBXFileReference; lastKnownFileType = sourcecode.swift; path = ResinStatusWidget.swift; sourceTree = "<group>"; };
		EA30F9AC2886B49300AE7BEA /* Info.plist */ = {isa = PBXFileReference; lastKnownFileType = text.plist.xml; path = Info.plist; sourceTree = "<group>"; };
		EA30F9B42886B4C800AE7BEA /* WedgetProvider.swift */ = {isa = PBXFileReference; lastKnownFileType = sourcecode.swift; path = WedgetProvider.swift; sourceTree = "<group>"; };
		EA47FEB628AF459300B7FCFF /* AddAccountDetailView.swift */ = {isa = PBXFileReference; lastKnownFileType = sourcecode.swift; path = AddAccountDetailView.swift; sourceTree = "<group>"; };
		EA56E07628A26C0D00A64262 /* Error.swift */ = {isa = PBXFileReference; fileEncoding = 4; lastKnownFileType = sourcecode.swift; path = Error.swift; sourceTree = "<group>"; };
		EA56E07728A26C0D00A64262 /* RequestResult.swift */ = {isa = PBXFileReference; fileEncoding = 4; lastKnownFileType = sourcecode.swift; path = RequestResult.swift; sourceTree = "<group>"; };
		EA56E07828A26C0D00A64262 /* Result.swift */ = {isa = PBXFileReference; fileEncoding = 4; lastKnownFileType = sourcecode.swift; path = Result.swift; sourceTree = "<group>"; };
		EA56E07928A26C0D00A64262 /* UserData.swift */ = {isa = PBXFileReference; fileEncoding = 4; lastKnownFileType = sourcecode.swift; path = UserData.swift; sourceTree = "<group>"; };
		EA56E07C28A26C0D00A64262 /* ResinInfo.swift */ = {isa = PBXFileReference; fileEncoding = 4; lastKnownFileType = sourcecode.swift; path = ResinInfo.swift; sourceTree = "<group>"; };
		EA56E07D28A26C0D00A64262 /* ExpeditionInfo.swift */ = {isa = PBXFileReference; fileEncoding = 4; lastKnownFileType = sourcecode.swift; path = ExpeditionInfo.swift; sourceTree = "<group>"; };
		EA56E07E28A26C0D00A64262 /* WeeklyBossesInfo.swift */ = {isa = PBXFileReference; fileEncoding = 4; lastKnownFileType = sourcecode.swift; path = WeeklyBossesInfo.swift; sourceTree = "<group>"; };
		EA56E08028A26C0D00A64262 /* DailyTaskInfo.swift */ = {isa = PBXFileReference; fileEncoding = 4; lastKnownFileType = sourcecode.swift; path = DailyTaskInfo.swift; sourceTree = "<group>"; };
		EA56E08128A26C0D00A64262 /* TransformerInfo.swift */ = {isa = PBXFileReference; fileEncoding = 4; lastKnownFileType = sourcecode.swift; path = TransformerInfo.swift; sourceTree = "<group>"; };
		EA56E08228A26C0D00A64262 /* RecoveryTime.swift */ = {isa = PBXFileReference; fileEncoding = 4; lastKnownFileType = sourcecode.swift; path = RecoveryTime.swift; sourceTree = "<group>"; };
		EA56E08328A26C0D00A64262 /* HomeCoinInfo.swift */ = {isa = PBXFileReference; fileEncoding = 4; lastKnownFileType = sourcecode.swift; path = HomeCoinInfo.swift; sourceTree = "<group>"; };
		EA56E08528A26C0D00A64262 /* TransformerData.swift */ = {isa = PBXFileReference; fileEncoding = 4; lastKnownFileType = sourcecode.swift; path = TransformerData.swift; sourceTree = "<group>"; };
		EA6829DB28A2523800E57462 /* .gitignore */ = {isa = PBXFileReference; fileEncoding = 4; lastKnownFileType = text; path = .gitignore; sourceTree = "<group>"; };
		EA75DD0428A09EC80099E70A /* ErrorCodeHandler.swift */ = {isa = PBXFileReference; lastKnownFileType = sourcecode.swift; path = ErrorCodeHandler.swift; sourceTree = "<group>"; };
		EA75DD0928A0BF450099E70A /* TestSectionView.swift */ = {isa = PBXFileReference; lastKnownFileType = sourcecode.swift; path = TestSectionView.swift; sourceTree = "<group>"; };
		EA79FDC228AB4DF800B50D6F /* GetCookieWebView.swift */ = {isa = PBXFileReference; lastKnownFileType = sourcecode.swift; path = GetCookieWebView.swift; sourceTree = "<group>"; };
		EA79FDC428AB83B600B50D6F /* OptionalAccounts.swift */ = {isa = PBXFileReference; lastKnownFileType = sourcecode.swift; path = OptionalAccounts.swift; sourceTree = "<group>"; };
		EA79FDC828AB9A5600B50D6F /* AccountDetailView copy.swift */ = {isa = PBXFileReference; lastKnownFileType = sourcecode.swift; path = "AccountDetailView copy.swift"; sourceTree = "<group>"; };
		EA7F67C9289D711200D2CE29 /* README.md */ = {isa = PBXFileReference; fileEncoding = 4; lastKnownFileType = net.daringfireball.markdown; path = README.md; sourceTree = "<group>"; };
		EA7F9C6E28AFF9B300DEAFEB /* NotificationCenter.swift */ = {isa = PBXFileReference; lastKnownFileType = sourcecode.swift; path = NotificationCenter.swift; sourceTree = "<group>"; };
		EA94CD0C28A5F7BB00F0C3AC /* WeeklyBossesInfoBar.swift */ = {isa = PBXFileReference; lastKnownFileType = sourcecode.swift; path = WeeklyBossesInfoBar.swift; sourceTree = "<group>"; };
		EAAF330928A277F90018EFAB /* AccountConfigurationModel.swift */ = {isa = PBXFileReference; lastKnownFileType = sourcecode.swift; path = AccountConfigurationModel.swift; sourceTree = "<group>"; };
		EAAF330E28A27AFE0018EFAB /* Account.swift */ = {isa = PBXFileReference; lastKnownFileType = sourcecode.swift; path = Account.swift; sourceTree = "<group>"; };
		EABD7DB62886B2D200B7F0FD /* 原神披萨小助手.app */ = {isa = PBXFileReference; explicitFileType = wrapper.application; includeInIndex = 0; path = "原神披萨小助手.app"; sourceTree = BUILT_PRODUCTS_DIR; };
		EABD7DB92886B2D200B7F0FD /* GenshinPizzaHeplerApp.swift */ = {isa = PBXFileReference; lastKnownFileType = sourcecode.swift; path = GenshinPizzaHeplerApp.swift; sourceTree = "<group>"; };
		EABD7DC02886B2D300B7F0FD /* Preview Assets.xcassets */ = {isa = PBXFileReference; lastKnownFileType = folder.assetcatalog; path = "Preview Assets.xcassets"; sourceTree = "<group>"; };
		EABD7DC72886B2DA00B7F0FD /* ViewModel.swift */ = {isa = PBXFileReference; lastKnownFileType = sourcecode.swift; path = ViewModel.swift; sourceTree = "<group>"; };
		EABD7DCC2886B3D700B7F0FD /* icon.png */ = {isa = PBXFileReference; lastKnownFileType = image.png; path = icon.png; sourceTree = "<group>"; };
		EADCC0A628A516BC00358B5E /* WidgetViewConfiguration.swift */ = {isa = PBXFileReference; lastKnownFileType = sourcecode.swift; path = WidgetViewConfiguration.swift; sourceTree = "<group>"; };
		EAE326C528A79A0C0009908E /* CloudKit.framework */ = {isa = PBXFileReference; lastKnownFileType = wrapper.framework; name = CloudKit.framework; path = System/Library/Frameworks/CloudKit.framework; sourceTree = SDKROOT; };
		EAEC41F328B0994C0056D182 /* 参量质变仪.png */ = {isa = PBXFileReference; lastKnownFileType = image.png; path = "参量质变仪.png"; sourceTree = "<group>"; };
		EAEC41F428B0994C0056D182 /* 树脂.png */ = {isa = PBXFileReference; lastKnownFileType = image.png; path = "树脂.png"; sourceTree = "<group>"; };
		EAEC41F528B0994C0056D182 /* 周本.png */ = {isa = PBXFileReference; lastKnownFileType = image.png; path = "周本.png"; sourceTree = "<group>"; };
		EAEC41F628B0994C0056D182 /* 洞天宝钱.png */ = {isa = PBXFileReference; lastKnownFileType = image.png; path = "洞天宝钱.png"; sourceTree = "<group>"; };
		EAF43C8428A0121100D89787 /* HomeCoinInfoBar.swift */ = {isa = PBXFileReference; lastKnownFileType = sourcecode.swift; path = HomeCoinInfoBar.swift; sourceTree = "<group>"; };
		EAF43C8628A0132B00D89787 /* ExpeditionInfoBar.swift */ = {isa = PBXFileReference; lastKnownFileType = sourcecode.swift; path = ExpeditionInfoBar.swift; sourceTree = "<group>"; };
		EAF43C8828A013CE00D89787 /* DailyTaskInfoBar.swift */ = {isa = PBXFileReference; lastKnownFileType = sourcecode.swift; path = DailyTaskInfoBar.swift; sourceTree = "<group>"; };
		EAF43C8A28A0144900D89787 /* TransformerInfoBar.swift */ = {isa = PBXFileReference; lastKnownFileType = sourcecode.swift; path = TransformerInfoBar.swift; sourceTree = "<group>"; };
		EAF43C9028A0160800D89787 /* WidgetBackgroundView.swift */ = {isa = PBXFileReference; lastKnownFileType = sourcecode.swift; path = WidgetBackgroundView.swift; sourceTree = "<group>"; };
		EAF43C9428A0163A00D89787 /* WidgetMainView.swift */ = {isa = PBXFileReference; lastKnownFileType = sourcecode.swift; path = WidgetMainView.swift; sourceTree = "<group>"; };
		EAF43C9628A0166100D89787 /* WidgetErrorView.swift */ = {isa = PBXFileReference; lastKnownFileType = sourcecode.swift; path = WidgetErrorView.swift; sourceTree = "<group>"; };
		EAFB231F28A26C56006A8EDC /* AccountConfiguration.xcdatamodel */ = {isa = PBXFileReference; lastKnownFileType = wrapper.xcdatamodel; path = AccountConfiguration.xcdatamodel; sourceTree = "<group>"; };
		EAFB771528B256E300314974 /* NotificationSettingNavigator.swift */ = {isa = PBXFileReference; lastKnownFileType = sourcecode.swift; path = NotificationSettingNavigator.swift; sourceTree = "<group>"; };
		EAFC5CCC28B4EFC600770BBB /* ShareSheet.swift */ = {isa = PBXFileReference; lastKnownFileType = sourcecode.swift; path = ShareSheet.swift; sourceTree = "<group>"; };
/* End PBXFileReference section */

/* Begin PBXFrameworksBuildPhase section */
		EA099FF028A2B7220023B4AF /* Frameworks */ = {
			isa = PBXFrameworksBuildPhase;
			buildActionMask = 2147483647;
			files = (
				EA099FF528A2B7220023B4AF /* Intents.framework in Frameworks */,
				EA40C45428A7A19000888828 /* CloudKit.framework in Frameworks */,
			);
			runOnlyForDeploymentPostprocessing = 0;
		};
		EA30F99E2886B49200AE7BEA /* Frameworks */ = {
			isa = PBXFrameworksBuildPhase;
			buildActionMask = 2147483647;
			files = (
				EA40C45328A7A16E00888828 /* CloudKit.framework in Frameworks */,
				EA30F9A62886B49200AE7BEA /* SwiftUI.framework in Frameworks */,
				EA30F9A42886B49200AE7BEA /* WidgetKit.framework in Frameworks */,
			);
			runOnlyForDeploymentPostprocessing = 0;
		};
		EABD7DB32886B2D200B7F0FD /* Frameworks */ = {
			isa = PBXFrameworksBuildPhase;
			buildActionMask = 2147483647;
			files = (
				EAE326C628A79A0C0009908E /* CloudKit.framework in Frameworks */,
			);
			runOnlyForDeploymentPostprocessing = 0;
		};
/* End PBXFrameworksBuildPhase section */

/* Begin PBXGroup section */
		BF6C5258289E02B600EA224F /* .github */ = {
			isa = PBXGroup;
			children = (
				BF6C5259289E02B600EA224F /* workflows */,
			);
			path = .github;
			sourceTree = "<group>";
		};
		BF6C5259289E02B600EA224F /* workflows */ = {
			isa = PBXGroup;
			children = (
				BF6C525A289E02B600EA224F /* ios.yml */,
			);
			path = workflows;
			sourceTree = "<group>";
		};
		BF6C525E289E0F2A00EA224F /* Request */ = {
			isa = PBXGroup;
			children = (
				BF6C527A289E168A00EA224F /* HttpMethod.swift */,
				BFE42534289E203A00FEFA49 /* FeatureAPI.swift */,
				EA75DD0428A09EC80099E70A /* ErrorCodeHandler.swift */,
			);
			path = Request;
			sourceTree = "<group>";
		};
		BF6C5270289E12B500EA224F /* CommonTools */ = {
			isa = PBXGroup;
			children = (
				BF6C5271289E12DA00EA224F /* md5.swift */,
				BF6C5277289E153400EA224F /* NetworkReachability.swift */,
				BFE42543289E523D00FEFA49 /* TimeTools.swift */,
				EA099FEA28A2AE660023B4AF /* StoreURL.swift */,
				BF068BD628A343C5002E7334 /* AutoSheetDismiss.swift */,
				BFFD823928A73A5400616CE1 /* ReviewHandler.swift */,
				BF70210C28B3967A00A6BBA9 /* TapticSupport.swift */,
				BF70210E28B396B900A6BBA9 /* DeviceRecognizer.swift */,
				BF70211B28B4B52500A6BBA9 /* ViewTools.swift */,
			);
			path = CommonTools;
			sourceTree = "<group>";
		};
		BFE42537289E4FF700FEFA49 /* Views */ = {
			isa = PBXGroup;
			children = (
				EAF43C9028A0160800D89787 /* WidgetBackgroundView.swift */,
				EAF43C9428A0163A00D89787 /* WidgetMainView.swift */,
				EAF43C9628A0166100D89787 /* WidgetErrorView.swift */,
				BFE42538289E500F00FEFA49 /* MainInfoView.swift */,
				BFE4253C289E507F00FEFA49 /* MainInfoWithDetailView.swift */,
				BFE4253A289E504C00FEFA49 /* DetailInfoView.swift */,
				BFE4253E289E51C900FEFA49 /* MainInfoSubViews */,
				EAF43C8328A0120400D89787 /* InfoBars */,
			);
			path = Views;
			sourceTree = "<group>";
		};
		BFE4253E289E51C900FEFA49 /* MainInfoSubViews */ = {
			isa = PBXGroup;
			children = (
				BFE42541289E520A00FEFA49 /* RecoveryTimeTextView.swift */,
			);
			path = MainInfoSubViews;
			sourceTree = "<group>";
		};
		BFE4254E289F6BA100FEFA49 /* SubViews */ = {
			isa = PBXGroup;
			children = (
				BFE42548289F66CE00FEFA49 /* AccountInfoView.swift */,
				BFE42546289E987800FEFA49 /* TextPlayerView.swift */,
				BFE4254F289F6BDA00FEFA49 /* InfoPreviewerView.swift */,
				BFE42551289F755E00FEFA49 /* TextEditorView.swift */,
				BFFD823128A651F500616CE1 /* RingProgressBarView.swift */,
				BFFD823528A680E000616CE1 /* WebImageView.swift */,
				EAFC5CCC28B4EFC600770BBB /* ShareSheet.swift */,
			);
			path = SubViews;
			sourceTree = "<group>";
		};
		EA099FF628A2B7220023B4AF /* AccountIntent */ = {
			isa = PBXGroup;
			children = (
				EA09A02328A2BA820023B4AF /* AccountIntent.entitlements */,
				BFFD823028A650C300616CE1 /* AccountIntents.intentdefinition */,
				BF70213028B50D7800A6BBA9 /* Localizable.strings */,
				EA09A02428A2C2E60023B4AF /* IntentHandler.swift */,
				EA099FF928A2B7220023B4AF /* Info.plist */,
			);
			path = AccountIntent;
			sourceTree = "<group>";
		};
		EA2FF0DB28B0922D0050C016 /* NotificationImages */ = {
			isa = PBXGroup;
			children = (
				EAEC41F328B0994C0056D182 /* 参量质变仪.png */,
				EAEC41F628B0994C0056D182 /* 洞天宝钱.png */,
				EAEC41F428B0994C0056D182 /* 树脂.png */,
				EAEC41F528B0994C0056D182 /* 周本.png */,
				EA2FF0E828B093AE0050C016 /* 每日任务.png */,
			);
			path = NotificationImages;
			sourceTree = "<group>";
		};
		EA30F9A22886B49200AE7BEA /* Frameworks */ = {
			isa = PBXGroup;
			children = (
				EAE326C528A79A0C0009908E /* CloudKit.framework */,
				EA30F9A32886B49200AE7BEA /* WidgetKit.framework */,
				EA30F9A52886B49200AE7BEA /* SwiftUI.framework */,
				EA099FF428A2B7220023B4AF /* Intents.framework */,
			);
			name = Frameworks;
			sourceTree = "<group>";
		};
		EA30F9A72886B49200AE7BEA /* ResinStatusWidget */ = {
			isa = PBXGroup;
			children = (
				BFE42537289E4FF700FEFA49 /* Views */,
				EA30F9A82886B49200AE7BEA /* ResinStatusWidget.swift */,
				EA30F9B42886B4C800AE7BEA /* WedgetProvider.swift */,
				EADCC0A628A516BC00358B5E /* WidgetViewConfiguration.swift */,
				EA0F91D82886B58800AE7A62 /* Assets(Abandoned).xcassets */,
				EA30F9AC2886B49300AE7BEA /* Info.plist */,
			);
			path = ResinStatusWidget;
			sourceTree = "<group>";
		};
		EA56E07528A26C0D00A64262 /* FetchedModels */ = {
			isa = PBXGroup;
			children = (
				EA79FDC428AB83B600B50D6F /* OptionalAccounts.swift */,
				EA56E07628A26C0D00A64262 /* Error.swift */,
				EA56E07728A26C0D00A64262 /* RequestResult.swift */,
				EA56E07828A26C0D00A64262 /* Result.swift */,
				EA56E07928A26C0D00A64262 /* UserData.swift */,
				EA56E07A28A26C0D00A64262 /* Detail */,
				EA56E08428A26C0D00A64262 /* DecodeTool */,
			);
			path = FetchedModels;
			sourceTree = "<group>";
		};
		EA56E07A28A26C0D00A64262 /* Detail */ = {
			isa = PBXGroup;
			children = (
				EA56E07C28A26C0D00A64262 /* ResinInfo.swift */,
				EA56E07D28A26C0D00A64262 /* ExpeditionInfo.swift */,
				EA56E07E28A26C0D00A64262 /* WeeklyBossesInfo.swift */,
				EA56E08028A26C0D00A64262 /* DailyTaskInfo.swift */,
				EA56E08128A26C0D00A64262 /* TransformerInfo.swift */,
				EA56E08228A26C0D00A64262 /* RecoveryTime.swift */,
				EA56E08328A26C0D00A64262 /* HomeCoinInfo.swift */,
			);
			path = Detail;
			sourceTree = "<group>";
		};
		EA56E08428A26C0D00A64262 /* DecodeTool */ = {
			isa = PBXGroup;
			children = (
				EA56E08528A26C0D00A64262 /* TransformerData.swift */,
			);
			path = DecodeTool;
			sourceTree = "<group>";
		};
		EA7F9C6D28AFF99200DEAFEB /* Notification */ = {
			isa = PBXGroup;
			children = (
				EA7F9C6E28AFF9B300DEAFEB /* NotificationCenter.swift */,
				EA2FF0DB28B0922D0050C016 /* NotificationImages */,
			);
			path = Notification;
			sourceTree = "<group>";
		};
		EAAF330828A276360018EFAB /* View */ = {
			isa = PBXGroup;
			children = (
				BF70210828B3909F00A6BBA9 /* ContentView.swift */,
				BF70210A28B3910800A6BBA9 /* HomeView.swift */,
				BFE4254A289F67F600FEFA49 /* SettingsView.swift */,
				BF70211428B3AACC00A6BBA9 /* AccountDisplayView.swift */,
				BFE42555289F9FBE00FEFA49 /* GameInfoBlockView.swift */,
				BFE4258728A0AE2700FEFA49 /* AboutView.swift */,
				BFE42553289F87C800FEFA49 /* AddAccountView.swift */,
				BFE4254C289F6ACE00FEFA49 /* AccountDetailView.swift */,
				EA47FEB628AF459300B7FCFF /* AddAccountDetailView.swift */,
				BF70211828B4863000A6BBA9 /* BackgroundsPreviewView.swift */,
				EA07C65528B11DB40030E338 /* NotificationSettingView.swift */,
				EAFB771528B256E300314974 /* NotificationSettingNavigator.swift */,
				EA79FDC828AB9A5600B50D6F /* AccountDetailView copy.swift */,
				BF70211228B39E7600A6BBA9 /* AppBlockBackgroundView.swift */,
				BFE4258528A0AC1500FEFA49 /* HelpSheetView.swift */,
				EA79FDC228AB4DF800B50D6F /* GetCookieWebView.swift */,
				EA75DD0928A0BF450099E70A /* TestSectionView.swift */,
				BF068BD428A335F9002E7334 /* WebViews.swift */,
				BFE4254E289F6BA100FEFA49 /* SubViews */,
			);
			path = View;
			sourceTree = "<group>";
		};
		EAAF330D28A27AEA0018EFAB /* Model */ = {
			isa = PBXGroup;
			children = (
				EAAF330928A277F90018EFAB /* AccountConfigurationModel.swift */,
				EAAF330E28A27AFE0018EFAB /* Account.swift */,
				BF6C5274289E137200EA224F /* Servers.swift */,
				BFFD820D28A5F64800616CE1 /* BackgroundOptions.swift */,
				EA56E07528A26C0D00A64262 /* FetchedModels */,
				BF70211628B3AB6300A6BBA9 /* DisplayContentModel.swift */,
			);
			path = Model;
			sourceTree = "<group>";
		};
		EABD7DAD2886B2D200B7F0FD = {
			isa = PBXGroup;
			children = (
				EAFB231E28A26C56006A8EDC /* AccountConfiguration.xcdatamodeld */,
				EA6829DB28A2523800E57462 /* .gitignore */,
				EA7F67C9289D711200D2CE29 /* README.md */,
				EA0F91DA2886B5F900AE7A62 /* ResinStatusWidgetExtension.entitlements */,
				BF6C5258289E02B600EA224F /* .github */,
				EAAF330D28A27AEA0018EFAB /* Model */,
				BF6C525E289E0F2A00EA224F /* Request */,
				BF6C5270289E12B500EA224F /* CommonTools */,
				EABD7DB82886B2D200B7F0FD /* GenshinPizzaHepler */,
				EA30F9A72886B49200AE7BEA /* ResinStatusWidget */,
				EA7F9C6D28AFF99200DEAFEB /* Notification */,
				EA099FF628A2B7220023B4AF /* AccountIntent */,
				EA30F9A22886B49200AE7BEA /* Frameworks */,
				EABD7DB72886B2D200B7F0FD /* Products */,
			);
			sourceTree = "<group>";
		};
		EABD7DB72886B2D200B7F0FD /* Products */ = {
			isa = PBXGroup;
			children = (
				EABD7DB62886B2D200B7F0FD /* 原神披萨小助手.app */,
				EA30F9A12886B49200AE7BEA /* ResinStatusWidgetExtension.appex */,
				EA099FF328A2B7220023B4AF /* AccountIntent.appex */,
			);
			name = Products;
			sourceTree = "<group>";
		};
		EABD7DB82886B2D200B7F0FD /* GenshinPizzaHepler */ = {
			isa = PBXGroup;
			children = (
				BF70210628B33D8300A6BBA9 /* AppDelegate.swift */,
				EA1B76762886B89F007A5216 /* Info.plist */,
				EAAF330828A276360018EFAB /* View */,
				EA0F91DB2886B60700AE7A62 /* GenshinPizzaHepler.entitlements */,
				EABD7DB92886B2D200B7F0FD /* GenshinPizzaHeplerApp.swift */,
				EABD7DC72886B2DA00B7F0FD /* ViewModel.swift */,
				EA30F99B2886B46C00AE7BEA /* Assets.xcassets */,
				EABD7DBF2886B2D300B7F0FD /* Preview Content */,
			);
			path = GenshinPizzaHepler;
			sourceTree = "<group>";
			usesTabs = 0;
		};
		EABD7DBF2886B2D300B7F0FD /* Preview Content */ = {
			isa = PBXGroup;
			children = (
				EABD7DCC2886B3D700B7F0FD /* icon.png */,
				EABD7DC02886B2D300B7F0FD /* Preview Assets.xcassets */,
			);
			path = "Preview Content";
			sourceTree = "<group>";
		};
		EAF43C8328A0120400D89787 /* InfoBars */ = {
			isa = PBXGroup;
			children = (
				EAF43C8428A0121100D89787 /* HomeCoinInfoBar.swift */,
				EAF43C8628A0132B00D89787 /* ExpeditionInfoBar.swift */,
				EAF43C8828A013CE00D89787 /* DailyTaskInfoBar.swift */,
				EAF43C8A28A0144900D89787 /* TransformerInfoBar.swift */,
				EA94CD0C28A5F7BB00F0C3AC /* WeeklyBossesInfoBar.swift */,
			);
			path = InfoBars;
			sourceTree = "<group>";
		};
/* End PBXGroup section */

/* Begin PBXNativeTarget section */
		EA099FF228A2B7220023B4AF /* AccountIntent */ = {
			isa = PBXNativeTarget;
			buildConfigurationList = EA099FFD28A2B7220023B4AF /* Build configuration list for PBXNativeTarget "AccountIntent" */;
			buildPhases = (
				EA099FEF28A2B7220023B4AF /* Sources */,
				EA099FF028A2B7220023B4AF /* Frameworks */,
				EA099FF128A2B7220023B4AF /* Resources */,
			);
			buildRules = (
			);
			dependencies = (
			);
			name = AccountIntent;
			productName = AccountIntent;
			productReference = EA099FF328A2B7220023B4AF /* AccountIntent.appex */;
			productType = "com.apple.product-type.app-extension";
		};
		EA30F9A02886B49200AE7BEA /* ResinStatusWidgetExtension */ = {
			isa = PBXNativeTarget;
			buildConfigurationList = EA30F9B02886B49300AE7BEA /* Build configuration list for PBXNativeTarget "ResinStatusWidgetExtension" */;
			buildPhases = (
				EA30F99D2886B49200AE7BEA /* Sources */,
				EA30F99E2886B49200AE7BEA /* Frameworks */,
				EA30F99F2886B49200AE7BEA /* Resources */,
			);
			buildRules = (
			);
			dependencies = (
			);
			name = ResinStatusWidgetExtension;
			productName = ResinStatusWidgetExtension;
			productReference = EA30F9A12886B49200AE7BEA /* ResinStatusWidgetExtension.appex */;
			productType = "com.apple.product-type.app-extension";
		};
		EABD7DB52886B2D200B7F0FD /* GenshinPizzaHepler */ = {
			isa = PBXNativeTarget;
			buildConfigurationList = EABD7DC42886B2D300B7F0FD /* Build configuration list for PBXNativeTarget "GenshinPizzaHepler" */;
			buildPhases = (
				EABD7DB22886B2D200B7F0FD /* Sources */,
				EABD7DB32886B2D200B7F0FD /* Frameworks */,
				EABD7DB42886B2D200B7F0FD /* Resources */,
				EA30F9B32886B49300AE7BEA /* Embed App Extensions */,
			);
			buildRules = (
			);
			dependencies = (
				EA30F9AE2886B49300AE7BEA /* PBXTargetDependency */,
				EA099FFB28A2B7220023B4AF /* PBXTargetDependency */,
			);
			name = GenshinPizzaHepler;
			productName = GenshinPizzaHepler;
			productReference = EABD7DB62886B2D200B7F0FD /* 原神披萨小助手.app */;
			productType = "com.apple.product-type.application";
		};
/* End PBXNativeTarget section */

/* Begin PBXProject section */
		EABD7DAE2886B2D200B7F0FD /* Project object */ = {
			isa = PBXProject;
			attributes = {
				BuildIndependentTargetsInParallel = 1;
				LastSwiftUpdateCheck = 1340;
				LastUpgradeCheck = 1340;
				TargetAttributes = {
					EA099FF228A2B7220023B4AF = {
						CreatedOnToolsVersion = 13.4.1;
					};
					EA30F9A02886B49200AE7BEA = {
						CreatedOnToolsVersion = 13.4.1;
					};
					EABD7DB52886B2D200B7F0FD = {
						CreatedOnToolsVersion = 13.4.1;
					};
				};
			};
			buildConfigurationList = EABD7DB12886B2D200B7F0FD /* Build configuration list for PBXProject "GenshinPizzaHelper" */;
			compatibilityVersion = "Xcode 13.0";
			developmentRegion = "zh-Hans";
			hasScannedForEncodings = 0;
			knownRegions = (
				Base,
				"zh-Hans",
				en,
			);
			mainGroup = EABD7DAD2886B2D200B7F0FD;
			productRefGroup = EABD7DB72886B2D200B7F0FD /* Products */;
			projectDirPath = "";
			projectRoot = "";
			targets = (
				EABD7DB52886B2D200B7F0FD /* GenshinPizzaHepler */,
				EA30F9A02886B49200AE7BEA /* ResinStatusWidgetExtension */,
				EA099FF228A2B7220023B4AF /* AccountIntent */,
			);
		};
/* End PBXProject section */

/* Begin PBXResourcesBuildPhase section */
		EA099FF128A2B7220023B4AF /* Resources */ = {
			isa = PBXResourcesBuildPhase;
			buildActionMask = 2147483647;
			files = (
				EAEC41FF28B0994C0056D182 /* 周本.png in Resources */,
				EAEC41FC28B0994C0056D182 /* 树脂.png in Resources */,
				EAEC41F928B0994C0056D182 /* 参量质变仪.png in Resources */,
				BFFD821228A5F9A100616CE1 /* Assets.xcassets in Resources */,
				EAEC420228B0994C0056D182 /* 洞天宝钱.png in Resources */,
				EAEC41E328B096180056D182 /* 每日任务.png in Resources */,
			);
			runOnlyForDeploymentPostprocessing = 0;
		};
		EA30F99F2886B49200AE7BEA /* Resources */ = {
			isa = PBXResourcesBuildPhase;
			buildActionMask = 2147483647;
			files = (
				EAEC41FB28B0994C0056D182 /* 树脂.png in Resources */,
				EAEC41FE28B0994C0056D182 /* 周本.png in Resources */,
				EAEC420128B0994C0056D182 /* 洞天宝钱.png in Resources */,
				EA7F67CA289D711200D2CE29 /* README.md in Resources */,
				BFFD821128A5F9A000616CE1 /* Assets.xcassets in Resources */,
				BF70212E28B50D7800A6BBA9 /* Localizable.strings in Resources */,
				EAEC41E228B096170056D182 /* 每日任务.png in Resources */,
				EAEC41F828B0994C0056D182 /* 参量质变仪.png in Resources */,
			);
			runOnlyForDeploymentPostprocessing = 0;
		};
		EABD7DB42886B2D200B7F0FD /* Resources */ = {
			isa = PBXResourcesBuildPhase;
			buildActionMask = 2147483647;
			files = (
				EA6829DC28A2523800E57462 /* .gitignore in Resources */,
				EA2FF0E928B093AE0050C016 /* 每日任务.png in Resources */,
				EABD7DCD2886B3D700B7F0FD /* icon.png in Resources */,
				EAEC41F728B0994C0056D182 /* 参量质变仪.png in Resources */,
				EAEC420028B0994C0056D182 /* 洞天宝钱.png in Resources */,
				BF70212D28B50D7800A6BBA9 /* Localizable.strings in Resources */,
				EA30F99C2886B46C00AE7BEA /* Assets.xcassets in Resources */,
				EAEC41FD28B0994C0056D182 /* 周本.png in Resources */,
				EABD7DC12886B2D300B7F0FD /* Preview Assets.xcassets in Resources */,
				EAEC41FA28B0994C0056D182 /* 树脂.png in Resources */,
			);
			runOnlyForDeploymentPostprocessing = 0;
		};
/* End PBXResourcesBuildPhase section */

/* Begin PBXSourcesBuildPhase section */
		EA099FEF28A2B7220023B4AF /* Sources */ = {
			isa = PBXSourcesBuildPhase;
			buildActionMask = 2147483647;
			files = (
				EA09A00E28A2B8700023B4AF /* Account.swift in Sources */,
				EA09A01528A2B8B30023B4AF /* WeeklyBossesInfo.swift in Sources */,
				EA09A00D28A2B8660023B4AF /* AccountConfigurationModel.swift in Sources */,
				EA09A02228A2B8F80023B4AF /* TimeTools.swift in Sources */,
				EA09A01028A2B8A70023B4AF /* RequestResult.swift in Sources */,
				EA09A01628A2B8B50023B4AF /* DailyTaskInfo.swift in Sources */,
				EA09A01D28A2B8E70023B4AF /* FeatureAPI.swift in Sources */,
				EA79FDC728AB84F600B50D6F /* OptionalAccounts.swift in Sources */,
				EA09A01228A2B8AA0023B4AF /* UserData.swift in Sources */,
				EA09A00B28A2B8270023B4AF /* AccountConfiguration.xcdatamodeld in Sources */,
				EA09A02028A2B8F50023B4AF /* md5.swift in Sources */,
				EA09A02128A2B8F70023B4AF /* StoreURL.swift in Sources */,
				EADCC0AB28A51A2500358B5E /* WidgetViewConfiguration.swift in Sources */,
				EA09A02628A2C2E60023B4AF /* IntentHandler.swift in Sources */,
				BFFD823828A680E000616CE1 /* WebImageView.swift in Sources */,
				EA09A01328A2B8B00023B4AF /* ResinInfo.swift in Sources */,
				BF70211128B396B900A6BBA9 /* DeviceRecognizer.swift in Sources */,
				EA09A01E28A2B8E80023B4AF /* ErrorCodeHandler.swift in Sources */,
				EA09A01B28A2B8D30023B4AF /* Servers.swift in Sources */,
				EA09A01F28A2B8F40023B4AF /* NetworkReachability.swift in Sources */,
				EA09A01C28A2B8E50023B4AF /* HttpMethod.swift in Sources */,
				EA09A00F28A2B8A60023B4AF /* Error.swift in Sources */,
				EA09A02728A2C45E0023B4AF /* WedgetProvider.swift in Sources */,
				EA09A01828A2B8B80023B4AF /* RecoveryTime.swift in Sources */,
				EA09A01928A2B8B90023B4AF /* HomeCoinInfo.swift in Sources */,
				BFFD821028A5F64800616CE1 /* BackgroundOptions.swift in Sources */,
				EA09A01128A2B8A90023B4AF /* Result.swift in Sources */,
				EA09A01728A2B8B60023B4AF /* TransformerInfo.swift in Sources */,
				EA2FF0DA28B017F40050C016 /* NotificationCenter.swift in Sources */,
				BFFD823428A651FA00616CE1 /* RingProgressBarView.swift in Sources */,
				BFFD822E28A650C300616CE1 /* AccountIntents.intentdefinition in Sources */,
				EA09A01A28A2B8BD0023B4AF /* TransformerData.swift in Sources */,
				EA09A01428A2B8B20023B4AF /* ExpeditionInfo.swift in Sources */,
			);
			runOnlyForDeploymentPostprocessing = 0;
		};
		EA30F99D2886B49200AE7BEA /* Sources */ = {
			isa = PBXSourcesBuildPhase;
			buildActionMask = 2147483647;
			files = (
				EAF43C8D28A0150400D89787 /* ExpeditionInfoBar.swift in Sources */,
				EA56E09D28A26C0D00A64262 /* RecoveryTime.swift in Sources */,
				EAFB232128A26C81006A8EDC /* AccountConfiguration.xcdatamodeld in Sources */,
				EAF43C8F28A0150800D89787 /* TransformerInfoBar.swift in Sources */,
				EA7F9C7028B0172D00DEAFEB /* NotificationCenter.swift in Sources */,
				EA30F9A92886B49200AE7BEA /* ResinStatusWidget.swift in Sources */,
				BF6C527C289E168A00EA224F /* HttpMethod.swift in Sources */,
				BFFD822D28A650C300616CE1 /* AccountIntents.intentdefinition in Sources */,
				EA56E09328A26C0D00A64262 /* ExpeditionInfo.swift in Sources */,
				EA94CD0E28A5F7BB00F0C3AC /* WeeklyBossesInfoBar.swift in Sources */,
				BF70211A28B4863000A6BBA9 /* BackgroundsPreviewView.swift in Sources */,
				EA56E0A128A26C0D00A64262 /* TransformerData.swift in Sources */,
				EA56E08928A26C0D00A64262 /* RequestResult.swift in Sources */,
				EA56E09928A26C0D00A64262 /* DailyTaskInfo.swift in Sources */,
				EA75DD0628A09EC80099E70A /* ErrorCodeHandler.swift in Sources */,
				EA79FDC628AB84F500B50D6F /* OptionalAccounts.swift in Sources */,
				EA09A02528A2C2E60023B4AF /* IntentHandler.swift in Sources */,
				EA75DD0828A0B1260099E70A /* WidgetErrorView.swift in Sources */,
				BF6C5276289E137200EA224F /* Servers.swift in Sources */,
				BFE4253D289E507F00FEFA49 /* MainInfoWithDetailView.swift in Sources */,
				EA56E09128A26C0D00A64262 /* ResinInfo.swift in Sources */,
				EA56E09528A26C0D00A64262 /* WeeklyBossesInfo.swift in Sources */,
				EAAF331028A27B080018EFAB /* Account.swift in Sources */,
				EA56E09B28A26C0D00A64262 /* TransformerInfo.swift in Sources */,
				BF6C526B289E116700EA224F /* WedgetProvider.swift in Sources */,
				EAF43C8E28A0150600D89787 /* DailyTaskInfoBar.swift in Sources */,
				BF70211028B396B900A6BBA9 /* DeviceRecognizer.swift in Sources */,
				EADCC0A828A518F000358B5E /* WidgetViewConfiguration.swift in Sources */,
				BFE4253B289E504C00FEFA49 /* DetailInfoView.swift in Sources */,
				EAAF330C28A27ACF0018EFAB /* ViewModel.swift in Sources */,
				EA56E08B28A26C0D00A64262 /* Result.swift in Sources */,
				EA75DD0728A0B1250099E70A /* WidgetMainView.swift in Sources */,
				EA099FEC28A2AE660023B4AF /* StoreURL.swift in Sources */,
				EAF43C8C28A0150200D89787 /* HomeCoinInfoBar.swift in Sources */,
				BF70211D28B4B52500A6BBA9 /* ViewTools.swift in Sources */,
				BF6C5279289E153400EA224F /* NetworkReachability.swift in Sources */,
				EA56E08728A26C0D00A64262 /* Error.swift in Sources */,
				BF6C5273289E12DA00EA224F /* md5.swift in Sources */,
				EA75DD0C28A0C0200099E70A /* InfoPreviewerView.swift in Sources */,
				BFFD823328A651F500616CE1 /* RingProgressBarView.swift in Sources */,
				BFFD820F28A5F64800616CE1 /* BackgroundOptions.swift in Sources */,
				EAAF330B28A2798B0018EFAB /* AccountConfigurationModel.swift in Sources */,
				EA56E08D28A26C0D00A64262 /* UserData.swift in Sources */,
				BFE42545289E523D00FEFA49 /* TimeTools.swift in Sources */,
				BFE42542289E520A00FEFA49 /* RecoveryTimeTextView.swift in Sources */,
				BFFD823728A680E000616CE1 /* WebImageView.swift in Sources */,
				BFE42539289E500F00FEFA49 /* MainInfoView.swift in Sources */,
				EA56E09F28A26C0D00A64262 /* HomeCoinInfo.swift in Sources */,
				BFE42536289E203B00FEFA49 /* FeatureAPI.swift in Sources */,
				EAF43C9228A0161C00D89787 /* WidgetBackgroundView.swift in Sources */,
			);
			runOnlyForDeploymentPostprocessing = 0;
		};
		EABD7DB22886B2D200B7F0FD /* Sources */ = {
			isa = PBXSourcesBuildPhase;
			buildActionMask = 2147483647;
			files = (
				BF70210728B33D8300A6BBA9 /* AppDelegate.swift in Sources */,
				BF6C5272289E12DA00EA224F /* md5.swift in Sources */,
				EA56E09C28A26C0D00A64262 /* RecoveryTime.swift in Sources */,
				BFE42547289E987800FEFA49 /* TextPlayerView.swift in Sources */,
				BFE4258628A0AC1600FEFA49 /* HelpSheetView.swift in Sources */,
				BFE42549289F66CE00FEFA49 /* AccountInfoView.swift in Sources */,
				BFE4254B289F67F600FEFA49 /* SettingsView.swift in Sources */,
				BFFD820E28A5F64800616CE1 /* BackgroundOptions.swift in Sources */,
				BFFD822C28A650C300616CE1 /* AccountIntents.intentdefinition in Sources */,
				BFE42559289FA04E00FEFA49 /* MainInfoWithDetailView.swift in Sources */,
				BF068BD528A335F9002E7334 /* WebViews.swift in Sources */,
				BFE42556289F9FBE00FEFA49 /* GameInfoBlockView.swift in Sources */,
				EAAF330A28A277F90018EFAB /* AccountConfigurationModel.swift in Sources */,
				EA099FEB28A2AE660023B4AF /* StoreURL.swift in Sources */,
				BF70211C28B4B52500A6BBA9 /* ViewTools.swift in Sources */,
				EA56E09028A26C0D00A64262 /* ResinInfo.swift in Sources */,
				BF70211528B3AACC00A6BBA9 /* AccountDisplayView.swift in Sources */,
				BFE4255A289FA12C00FEFA49 /* MainInfoView.swift in Sources */,
				EAF43C9328A0161D00D89787 /* WidgetBackgroundView.swift in Sources */,
				BFFD823628A680E000616CE1 /* WebImageView.swift in Sources */,
				BF6C527B289E168A00EA224F /* HttpMethod.swift in Sources */,
				BF70210F28B396B900A6BBA9 /* DeviceRecognizer.swift in Sources */,
				EA56E08A28A26C0D00A64262 /* Result.swift in Sources */,
				EAAF330F28A27AFE0018EFAB /* Account.swift in Sources */,
				EA56E09428A26C0D00A64262 /* WeeklyBossesInfo.swift in Sources */,
				EAF43C9728A0166100D89787 /* WidgetErrorView.swift in Sources */,
				BFE42550289F6BDA00FEFA49 /* InfoPreviewerView.swift in Sources */,
				EA94CD0D28A5F7BB00F0C3AC /* WeeklyBossesInfoBar.swift in Sources */,
				EA56E0A028A26C0D00A64262 /* TransformerData.swift in Sources */,
				BFFD823228A651F500616CE1 /* RingProgressBarView.swift in Sources */,
				EAF43C8B28A0144900D89787 /* TransformerInfoBar.swift in Sources */,
				EA7F9C6F28AFF9B300DEAFEB /* NotificationCenter.swift in Sources */,
				EAF43C8728A0132B00D89787 /* ExpeditionInfoBar.swift in Sources */,
				BFFD823A28A73A5400616CE1 /* ReviewHandler.swift in Sources */,
				EAFB232028A26C80006A8EDC /* AccountConfiguration.xcdatamodeld in Sources */,
				BFE42544289E523D00FEFA49 /* TimeTools.swift in Sources */,
				EA56E09228A26C0D00A64262 /* ExpeditionInfo.swift in Sources */,
				BF70210B28B3910800A6BBA9 /* HomeView.swift in Sources */,
				EAFB771628B256E300314974 /* NotificationSettingNavigator.swift in Sources */,
				EABD7DC82886B2DA00B7F0FD /* ViewModel.swift in Sources */,
				EABD7DBA2886B2D200B7F0FD /* GenshinPizzaHeplerApp.swift in Sources */,
				BF70211928B4863000A6BBA9 /* BackgroundsPreviewView.swift in Sources */,
				EAF43C8528A0121100D89787 /* HomeCoinInfoBar.swift in Sources */,
				EA75DD0528A09EC80099E70A /* ErrorCodeHandler.swift in Sources */,
				BF6C5275289E137200EA224F /* Servers.swift in Sources */,
				EA75DD0A28A0BF450099E70A /* TestSectionView.swift in Sources */,
				EA79FDC328AB4DF800B50D6F /* GetCookieWebView.swift in Sources */,
				BF70211328B39E7600A6BBA9 /* AppBlockBackgroundView.swift in Sources */,
				BF70211728B3AB6300A6BBA9 /* DisplayContentModel.swift in Sources */,
				EA56E09A28A26C0D00A64262 /* TransformerInfo.swift in Sources */,
				BFE4254D289F6ACE00FEFA49 /* AccountDetailView.swift in Sources */,
				EADCC0AC28A52BD800358B5E /* WidgetViewConfiguration.swift in Sources */,
				EA47FEB728AF459300B7FCFF /* AddAccountDetailView.swift in Sources */,
				BFE42558289FA00B00FEFA49 /* RecoveryTimeTextView.swift in Sources */,
				BF70210D28B3967A00A6BBA9 /* TapticSupport.swift in Sources */,
				BFE4258828A0AE2700FEFA49 /* AboutView.swift in Sources */,
				EA07C65628B11DB40030E338 /* NotificationSettingView.swift in Sources */,
				EA56E08628A26C0D00A64262 /* Error.swift in Sources */,
				EA709DD928AA0B2F00274425 /* IntentHandler.swift in Sources */,
				EA56E08828A26C0D00A64262 /* RequestResult.swift in Sources */,
				BF6C5278289E153400EA224F /* NetworkReachability.swift in Sources */,
				EAFC5CCD28B4EFC600770BBB /* ShareSheet.swift in Sources */,
				EA56E09828A26C0D00A64262 /* DailyTaskInfo.swift in Sources */,
				BFE4255B289FA12F00FEFA49 /* DetailInfoView.swift in Sources */,
				EA56E08C28A26C0D00A64262 /* UserData.swift in Sources */,
				BF70210928B3909F00A6BBA9 /* ContentView.swift in Sources */,
				EA79FDC528AB83B600B50D6F /* OptionalAccounts.swift in Sources */,
				EAF43C8928A013CE00D89787 /* DailyTaskInfoBar.swift in Sources */,
				EA79FDC928AB9A5600B50D6F /* AccountDetailView copy.swift in Sources */,
				BFE42552289F755E00FEFA49 /* TextEditorView.swift in Sources */,
				EA56E09E28A26C0D00A64262 /* HomeCoinInfo.swift in Sources */,
				BFE42535289E203B00FEFA49 /* FeatureAPI.swift in Sources */,
				BF068BD728A343C5002E7334 /* AutoSheetDismiss.swift in Sources */,
				EAF43C9528A0163A00D89787 /* WidgetMainView.swift in Sources */,
				BFE42554289F87C800FEFA49 /* AddAccountView.swift in Sources */,
			);
			runOnlyForDeploymentPostprocessing = 0;
		};
/* End PBXSourcesBuildPhase section */

/* Begin PBXTargetDependency section */
		EA099FFB28A2B7220023B4AF /* PBXTargetDependency */ = {
			isa = PBXTargetDependency;
			target = EA099FF228A2B7220023B4AF /* AccountIntent */;
			targetProxy = EA099FFA28A2B7220023B4AF /* PBXContainerItemProxy */;
		};
		EA30F9AE2886B49300AE7BEA /* PBXTargetDependency */ = {
			isa = PBXTargetDependency;
			target = EA30F9A02886B49200AE7BEA /* ResinStatusWidgetExtension */;
			targetProxy = EA30F9AD2886B49300AE7BEA /* PBXContainerItemProxy */;
		};
/* End PBXTargetDependency section */

/* Begin PBXVariantGroup section */
		BF70213028B50D7800A6BBA9 /* Localizable.strings */ = {
			isa = PBXVariantGroup;
			children = (
				BF70212F28B50D7800A6BBA9 /* en */,
			);
			name = Localizable.strings;
			sourceTree = "<group>";
		};
		BFFD823028A650C300616CE1 /* AccountIntents.intentdefinition */ = {
			isa = PBXVariantGroup;
			children = (
				BFFD822F28A650C300616CE1 /* zh-Hans */,
			);
			name = AccountIntents.intentdefinition;
			sourceTree = "<group>";
		};
/* End PBXVariantGroup section */

/* Begin XCBuildConfiguration section */
		EA099FFE28A2B7220023B4AF /* Debug */ = {
			isa = XCBuildConfiguration;
			buildSettings = {
				CODE_SIGN_ENTITLEMENTS = AccountIntent/AccountIntent.entitlements;
				CODE_SIGN_STYLE = Automatic;
				CURRENT_PROJECT_VERSION = 253;
				DEVELOPMENT_TEAM = 45Z6V4YD5U;
				GENERATE_INFOPLIST_FILE = YES;
				INFOPLIST_FILE = AccountIntent/Info.plist;
				INFOPLIST_KEY_CFBundleDisplayName = AccountIntent;
				INFOPLIST_KEY_NSHumanReadableCopyright = "";
				IPHONEOS_DEPLOYMENT_TARGET = 14.0;
				LD_RUNPATH_SEARCH_PATHS = (
					"$(inherited)",
					"@executable_path/Frameworks",
					"@executable_path/../../Frameworks",
				);
				MARKETING_VERSION = 1.7.0;
				PRODUCT_BUNDLE_IDENTIFIER = Canglong.GenshinPizzaHepler.AccountIntent;
				PRODUCT_NAME = "$(TARGET_NAME)";
				SKIP_INSTALL = YES;
				SWIFT_EMIT_LOC_STRINGS = YES;
				SWIFT_VERSION = 5.0;
				TARGETED_DEVICE_FAMILY = "1,2";
			};
			name = Debug;
		};
		EA099FFF28A2B7220023B4AF /* Release */ = {
			isa = XCBuildConfiguration;
			buildSettings = {
				CODE_SIGN_ENTITLEMENTS = AccountIntent/AccountIntent.entitlements;
				CODE_SIGN_STYLE = Automatic;
				CURRENT_PROJECT_VERSION = 253;
				DEVELOPMENT_TEAM = 45Z6V4YD5U;
				GENERATE_INFOPLIST_FILE = YES;
				INFOPLIST_FILE = AccountIntent/Info.plist;
				INFOPLIST_KEY_CFBundleDisplayName = AccountIntent;
				INFOPLIST_KEY_NSHumanReadableCopyright = "";
				IPHONEOS_DEPLOYMENT_TARGET = 14.0;
				LD_RUNPATH_SEARCH_PATHS = (
					"$(inherited)",
					"@executable_path/Frameworks",
					"@executable_path/../../Frameworks",
				);
				MARKETING_VERSION = 1.7.0;
				PRODUCT_BUNDLE_IDENTIFIER = Canglong.GenshinPizzaHepler.AccountIntent;
				PRODUCT_NAME = "$(TARGET_NAME)";
				SKIP_INSTALL = YES;
				SWIFT_EMIT_LOC_STRINGS = YES;
				SWIFT_VERSION = 5.0;
				TARGETED_DEVICE_FAMILY = "1,2";
			};
			name = Release;
		};
		EA30F9B12886B49300AE7BEA /* Debug */ = {
			isa = XCBuildConfiguration;
			buildSettings = {
				ASSETCATALOG_COMPILER_GLOBAL_ACCENT_COLOR_NAME = AccentColor;
				ASSETCATALOG_COMPILER_WIDGET_BACKGROUND_COLOR_NAME = WidgetBackground;
				CODE_SIGN_ENTITLEMENTS = ResinStatusWidgetExtension.entitlements;
				CODE_SIGN_STYLE = Automatic;
				CURRENT_PROJECT_VERSION = 253;
				DEVELOPMENT_TEAM = 45Z6V4YD5U;
				GENERATE_INFOPLIST_FILE = YES;
				INFOPLIST_FILE = ResinStatusWidget/Info.plist;
				INFOPLIST_KEY_CFBundleDisplayName = ResinStatusWidget;
				INFOPLIST_KEY_NSHumanReadableCopyright = "";
				LD_RUNPATH_SEARCH_PATHS = (
					"$(inherited)",
					"@executable_path/Frameworks",
					"@executable_path/../../Frameworks",
				);
				MARKETING_VERSION = 1.7.0;
				PRODUCT_BUNDLE_IDENTIFIER = Canglong.GenshinPizzaHepler.ResinStatusWidget;
				PRODUCT_NAME = "$(TARGET_NAME)";
				SKIP_INSTALL = YES;
				SWIFT_EMIT_LOC_STRINGS = YES;
				SWIFT_VERSION = 5.0;
				TARGETED_DEVICE_FAMILY = "1,2";
			};
			name = Debug;
		};
		EA30F9B22886B49300AE7BEA /* Release */ = {
			isa = XCBuildConfiguration;
			buildSettings = {
				ASSETCATALOG_COMPILER_GLOBAL_ACCENT_COLOR_NAME = AccentColor;
				ASSETCATALOG_COMPILER_WIDGET_BACKGROUND_COLOR_NAME = WidgetBackground;
				CODE_SIGN_ENTITLEMENTS = ResinStatusWidgetExtension.entitlements;
				CODE_SIGN_STYLE = Automatic;
				CURRENT_PROJECT_VERSION = 253;
				DEVELOPMENT_TEAM = 45Z6V4YD5U;
				GENERATE_INFOPLIST_FILE = YES;
				INFOPLIST_FILE = ResinStatusWidget/Info.plist;
				INFOPLIST_KEY_CFBundleDisplayName = ResinStatusWidget;
				INFOPLIST_KEY_NSHumanReadableCopyright = "";
				LD_RUNPATH_SEARCH_PATHS = (
					"$(inherited)",
					"@executable_path/Frameworks",
					"@executable_path/../../Frameworks",
				);
				MARKETING_VERSION = 1.7.0;
				PRODUCT_BUNDLE_IDENTIFIER = Canglong.GenshinPizzaHepler.ResinStatusWidget;
				PRODUCT_NAME = "$(TARGET_NAME)";
				SKIP_INSTALL = YES;
				SWIFT_EMIT_LOC_STRINGS = YES;
				SWIFT_VERSION = 5.0;
				TARGETED_DEVICE_FAMILY = "1,2";
			};
			name = Release;
		};
		EABD7DC22886B2D300B7F0FD /* Debug */ = {
			isa = XCBuildConfiguration;
			buildSettings = {
				ALWAYS_SEARCH_USER_PATHS = NO;
				CLANG_ANALYZER_LOCALIZABILITY_NONLOCALIZED = YES;
				CLANG_ANALYZER_NONNULL = YES;
				CLANG_ANALYZER_NUMBER_OBJECT_CONVERSION = YES_AGGRESSIVE;
				CLANG_CXX_LANGUAGE_STANDARD = "gnu++17";
				CLANG_ENABLE_MODULES = YES;
				CLANG_ENABLE_OBJC_ARC = YES;
				CLANG_ENABLE_OBJC_WEAK = YES;
				CLANG_WARN_BLOCK_CAPTURE_AUTORELEASING = YES;
				CLANG_WARN_BOOL_CONVERSION = YES;
				CLANG_WARN_COMMA = YES;
				CLANG_WARN_CONSTANT_CONVERSION = YES;
				CLANG_WARN_DEPRECATED_OBJC_IMPLEMENTATIONS = YES;
				CLANG_WARN_DIRECT_OBJC_ISA_USAGE = YES_ERROR;
				CLANG_WARN_DOCUMENTATION_COMMENTS = YES;
				CLANG_WARN_EMPTY_BODY = YES;
				CLANG_WARN_ENUM_CONVERSION = YES;
				CLANG_WARN_INFINITE_RECURSION = YES;
				CLANG_WARN_INT_CONVERSION = YES;
				CLANG_WARN_NON_LITERAL_NULL_CONVERSION = YES;
				CLANG_WARN_OBJC_IMPLICIT_RETAIN_SELF = YES;
				CLANG_WARN_OBJC_LITERAL_CONVERSION = YES;
				CLANG_WARN_OBJC_ROOT_CLASS = YES_ERROR;
				CLANG_WARN_QUOTED_INCLUDE_IN_FRAMEWORK_HEADER = YES;
				CLANG_WARN_RANGE_LOOP_ANALYSIS = YES;
				CLANG_WARN_STRICT_PROTOTYPES = YES;
				CLANG_WARN_SUSPICIOUS_MOVE = YES;
				CLANG_WARN_UNGUARDED_AVAILABILITY = YES_AGGRESSIVE;
				CLANG_WARN_UNREACHABLE_CODE = YES;
				CLANG_WARN__DUPLICATE_METHOD_MATCH = YES;
				COPY_PHASE_STRIP = NO;
				DEBUG_INFORMATION_FORMAT = dwarf;
				ENABLE_STRICT_OBJC_MSGSEND = YES;
				ENABLE_TESTABILITY = YES;
				GCC_C_LANGUAGE_STANDARD = gnu11;
				GCC_DYNAMIC_NO_PIC = NO;
				GCC_NO_COMMON_BLOCKS = YES;
				GCC_OPTIMIZATION_LEVEL = 0;
				GCC_PREPROCESSOR_DEFINITIONS = (
					"DEBUG=1",
					"$(inherited)",
				);
				GCC_WARN_64_TO_32_BIT_CONVERSION = YES;
				GCC_WARN_ABOUT_RETURN_TYPE = YES_ERROR;
				GCC_WARN_UNDECLARED_SELECTOR = YES;
				GCC_WARN_UNINITIALIZED_AUTOS = YES_AGGRESSIVE;
				GCC_WARN_UNUSED_FUNCTION = YES;
				GCC_WARN_UNUSED_VARIABLE = YES;
				IPHONEOS_DEPLOYMENT_TARGET = 14.0;
				MTL_ENABLE_DEBUG_INFO = INCLUDE_SOURCE;
				MTL_FAST_MATH = YES;
				ONLY_ACTIVE_ARCH = YES;
				SDKROOT = iphoneos;
				SWIFT_ACTIVE_COMPILATION_CONDITIONS = DEBUG;
				SWIFT_OPTIMIZATION_LEVEL = "-Onone";
			};
			name = Debug;
		};
		EABD7DC32886B2D300B7F0FD /* Release */ = {
			isa = XCBuildConfiguration;
			buildSettings = {
				ALWAYS_SEARCH_USER_PATHS = NO;
				CLANG_ANALYZER_LOCALIZABILITY_NONLOCALIZED = YES;
				CLANG_ANALYZER_NONNULL = YES;
				CLANG_ANALYZER_NUMBER_OBJECT_CONVERSION = YES_AGGRESSIVE;
				CLANG_CXX_LANGUAGE_STANDARD = "gnu++17";
				CLANG_ENABLE_MODULES = YES;
				CLANG_ENABLE_OBJC_ARC = YES;
				CLANG_ENABLE_OBJC_WEAK = YES;
				CLANG_WARN_BLOCK_CAPTURE_AUTORELEASING = YES;
				CLANG_WARN_BOOL_CONVERSION = YES;
				CLANG_WARN_COMMA = YES;
				CLANG_WARN_CONSTANT_CONVERSION = YES;
				CLANG_WARN_DEPRECATED_OBJC_IMPLEMENTATIONS = YES;
				CLANG_WARN_DIRECT_OBJC_ISA_USAGE = YES_ERROR;
				CLANG_WARN_DOCUMENTATION_COMMENTS = YES;
				CLANG_WARN_EMPTY_BODY = YES;
				CLANG_WARN_ENUM_CONVERSION = YES;
				CLANG_WARN_INFINITE_RECURSION = YES;
				CLANG_WARN_INT_CONVERSION = YES;
				CLANG_WARN_NON_LITERAL_NULL_CONVERSION = YES;
				CLANG_WARN_OBJC_IMPLICIT_RETAIN_SELF = YES;
				CLANG_WARN_OBJC_LITERAL_CONVERSION = YES;
				CLANG_WARN_OBJC_ROOT_CLASS = YES_ERROR;
				CLANG_WARN_QUOTED_INCLUDE_IN_FRAMEWORK_HEADER = YES;
				CLANG_WARN_RANGE_LOOP_ANALYSIS = YES;
				CLANG_WARN_STRICT_PROTOTYPES = YES;
				CLANG_WARN_SUSPICIOUS_MOVE = YES;
				CLANG_WARN_UNGUARDED_AVAILABILITY = YES_AGGRESSIVE;
				CLANG_WARN_UNREACHABLE_CODE = YES;
				CLANG_WARN__DUPLICATE_METHOD_MATCH = YES;
				COPY_PHASE_STRIP = NO;
				DEBUG_INFORMATION_FORMAT = "dwarf-with-dsym";
				ENABLE_NS_ASSERTIONS = NO;
				ENABLE_STRICT_OBJC_MSGSEND = YES;
				GCC_C_LANGUAGE_STANDARD = gnu11;
				GCC_NO_COMMON_BLOCKS = YES;
				GCC_WARN_64_TO_32_BIT_CONVERSION = YES;
				GCC_WARN_ABOUT_RETURN_TYPE = YES_ERROR;
				GCC_WARN_UNDECLARED_SELECTOR = YES;
				GCC_WARN_UNINITIALIZED_AUTOS = YES_AGGRESSIVE;
				GCC_WARN_UNUSED_FUNCTION = YES;
				GCC_WARN_UNUSED_VARIABLE = YES;
				IPHONEOS_DEPLOYMENT_TARGET = 14.0;
				MTL_ENABLE_DEBUG_INFO = NO;
				MTL_FAST_MATH = YES;
				SDKROOT = iphoneos;
				SWIFT_COMPILATION_MODE = wholemodule;
				SWIFT_OPTIMIZATION_LEVEL = "-O";
				VALIDATE_PRODUCT = YES;
			};
			name = Release;
		};
		EABD7DC52886B2D300B7F0FD /* Debug */ = {
			isa = XCBuildConfiguration;
			buildSettings = {
				ALWAYS_EMBED_SWIFT_STANDARD_LIBRARIES = YES;
				ASSETCATALOG_COMPILER_APPICON_NAME = AppIcon;
				ASSETCATALOG_COMPILER_GLOBAL_ACCENT_COLOR_NAME = AccentColor;
				CODE_SIGN_ENTITLEMENTS = GenshinPizzaHepler/GenshinPizzaHepler.entitlements;
				CODE_SIGN_STYLE = Automatic;
				CURRENT_PROJECT_VERSION = 253;
				DEVELOPMENT_ASSET_PATHS = "\"GenshinPizzaHepler/Preview Content\"";
				DEVELOPMENT_TEAM = 45Z6V4YD5U;
				ENABLE_PREVIEWS = YES;
				GENERATE_INFOPLIST_FILE = YES;
				INFOPLIST_FILE = GenshinPizzaHepler/Info.plist;
				INFOPLIST_KEY_CFBundleDisplayName = "原神披萨小助手";
				INFOPLIST_KEY_NSPhotoLibraryAddUsageDescription = "请允许保存图片";
				INFOPLIST_KEY_UIApplicationSceneManifest_Generation = YES;
				INFOPLIST_KEY_UIApplicationSupportsIndirectInputEvents = YES;
				INFOPLIST_KEY_UILaunchScreen_Generation = YES;
				INFOPLIST_KEY_UISupportedInterfaceOrientations_iPad = "UIInterfaceOrientationPortrait UIInterfaceOrientationPortraitUpsideDown UIInterfaceOrientationLandscapeLeft UIInterfaceOrientationLandscapeRight";
				INFOPLIST_KEY_UISupportedInterfaceOrientations_iPhone = "UIInterfaceOrientationPortrait UIInterfaceOrientationLandscapeLeft UIInterfaceOrientationLandscapeRight";
				LD_RUNPATH_SEARCH_PATHS = (
					"$(inherited)",
					"@executable_path/Frameworks",
				);
				MARKETING_VERSION = 1.7.0;
				PRODUCT_BUNDLE_IDENTIFIER = Canglong.GenshinPizzaHepler;
				PRODUCT_NAME = "原神披萨小助手";
				SWIFT_EMIT_LOC_STRINGS = YES;
				SWIFT_VERSION = 5.0;
				TARGETED_DEVICE_FAMILY = "1,2";
			};
			name = Debug;
		};
		EABD7DC62886B2D300B7F0FD /* Release */ = {
			isa = XCBuildConfiguration;
			buildSettings = {
				ALWAYS_EMBED_SWIFT_STANDARD_LIBRARIES = YES;
				ASSETCATALOG_COMPILER_APPICON_NAME = AppIcon;
				ASSETCATALOG_COMPILER_GLOBAL_ACCENT_COLOR_NAME = AccentColor;
				CODE_SIGN_ENTITLEMENTS = GenshinPizzaHepler/GenshinPizzaHepler.entitlements;
				CODE_SIGN_STYLE = Automatic;
				CURRENT_PROJECT_VERSION = 253;
				DEVELOPMENT_ASSET_PATHS = "\"GenshinPizzaHepler/Preview Content\"";
				DEVELOPMENT_TEAM = 45Z6V4YD5U;
				ENABLE_PREVIEWS = YES;
				GENERATE_INFOPLIST_FILE = YES;
				INFOPLIST_FILE = GenshinPizzaHepler/Info.plist;
				INFOPLIST_KEY_CFBundleDisplayName = "原神披萨小助手";
				INFOPLIST_KEY_NSPhotoLibraryAddUsageDescription = "请允许保存图片";
				INFOPLIST_KEY_UIApplicationSceneManifest_Generation = YES;
				INFOPLIST_KEY_UIApplicationSupportsIndirectInputEvents = YES;
				INFOPLIST_KEY_UILaunchScreen_Generation = YES;
				INFOPLIST_KEY_UISupportedInterfaceOrientations_iPad = "UIInterfaceOrientationPortrait UIInterfaceOrientationPortraitUpsideDown UIInterfaceOrientationLandscapeLeft UIInterfaceOrientationLandscapeRight";
				INFOPLIST_KEY_UISupportedInterfaceOrientations_iPhone = "UIInterfaceOrientationPortrait UIInterfaceOrientationLandscapeLeft UIInterfaceOrientationLandscapeRight";
				LD_RUNPATH_SEARCH_PATHS = (
					"$(inherited)",
					"@executable_path/Frameworks",
				);
				MARKETING_VERSION = 1.7.0;
				PRODUCT_BUNDLE_IDENTIFIER = Canglong.GenshinPizzaHepler;
				PRODUCT_NAME = "原神披萨小助手";
				SWIFT_EMIT_LOC_STRINGS = YES;
				SWIFT_VERSION = 5.0;
				TARGETED_DEVICE_FAMILY = "1,2";
			};
			name = Release;
		};
/* End XCBuildConfiguration section */

/* Begin XCConfigurationList section */
		EA099FFD28A2B7220023B4AF /* Build configuration list for PBXNativeTarget "AccountIntent" */ = {
			isa = XCConfigurationList;
			buildConfigurations = (
				EA099FFE28A2B7220023B4AF /* Debug */,
				EA099FFF28A2B7220023B4AF /* Release */,
			);
			defaultConfigurationIsVisible = 0;
			defaultConfigurationName = Release;
		};
		EA30F9B02886B49300AE7BEA /* Build configuration list for PBXNativeTarget "ResinStatusWidgetExtension" */ = {
			isa = XCConfigurationList;
			buildConfigurations = (
				EA30F9B12886B49300AE7BEA /* Debug */,
				EA30F9B22886B49300AE7BEA /* Release */,
			);
			defaultConfigurationIsVisible = 0;
			defaultConfigurationName = Release;
		};
		EABD7DB12886B2D200B7F0FD /* Build configuration list for PBXProject "GenshinPizzaHelper" */ = {
			isa = XCConfigurationList;
			buildConfigurations = (
				EABD7DC22886B2D300B7F0FD /* Debug */,
				EABD7DC32886B2D300B7F0FD /* Release */,
			);
			defaultConfigurationIsVisible = 0;
			defaultConfigurationName = Release;
		};
		EABD7DC42886B2D300B7F0FD /* Build configuration list for PBXNativeTarget "GenshinPizzaHepler" */ = {
			isa = XCConfigurationList;
			buildConfigurations = (
				EABD7DC52886B2D300B7F0FD /* Debug */,
				EABD7DC62886B2D300B7F0FD /* Release */,
			);
			defaultConfigurationIsVisible = 0;
			defaultConfigurationName = Release;
		};
/* End XCConfigurationList section */

/* Begin XCVersionGroup section */
		EAFB231E28A26C56006A8EDC /* AccountConfiguration.xcdatamodeld */ = {
			isa = XCVersionGroup;
			children = (
				EAFB231F28A26C56006A8EDC /* AccountConfiguration.xcdatamodel */,
			);
			currentVersion = EAFB231F28A26C56006A8EDC /* AccountConfiguration.xcdatamodel */;
			path = AccountConfiguration.xcdatamodeld;
			sourceTree = "<group>";
			versionGroupType = wrapper.xcdatamodel;
		};
/* End XCVersionGroup section */
	};
	rootObject = EABD7DAE2886B2D200B7F0FD /* Project object */;
}
